// !$*UTF8*$!
{
	archiveVersion = 1;
	classes = {
	};
	objectVersion = 48;
	objects = {

/* Begin PBXBuildFile section */
		FD1863A02035065F00233413 /* AppDelegate.m in Sources */ = {isa = PBXBuildFile; fileRef = FD18639F2035065F00233413 /* AppDelegate.m */; };
		FD1863A32035065F00233413 /* ViewController.m in Sources */ = {isa = PBXBuildFile; fileRef = FD1863A22035065F00233413 /* ViewController.m */; };
		FD1863A62035065F00233413 /* Main.storyboard in Resources */ = {isa = PBXBuildFile; fileRef = FD1863A42035065F00233413 /* Main.storyboard */; };
		FD1863A82035065F00233413 /* Assets.xcassets in Resources */ = {isa = PBXBuildFile; fileRef = FD1863A72035065F00233413 /* Assets.xcassets */; };
		FD1863AB2035065F00233413 /* LaunchScreen.storyboard in Resources */ = {isa = PBXBuildFile; fileRef = FD1863A92035065F00233413 /* LaunchScreen.storyboard */; };
		FD1863AE2035065F00233413 /* main.m in Sources */ = {isa = PBXBuildFile; fileRef = FD1863AD2035065F00233413 /* main.m */; };
		FD924471201F119200A5B093 /* ScreencastTests.m in Sources */ = {isa = PBXBuildFile; fileRef = FD924470201F119200A5B093 /* ScreencastTests.m */; };
		FD92447C201F119200A5B093 /* ScreencastUITests.m in Sources */ = {isa = PBXBuildFile; fileRef = FD92447B201F119200A5B093 /* ScreencastUITests.m */; };
		FD93E59120351C9F00FD5EC5 /* libEWCCore.a in Frameworks */ = {isa = PBXBuildFile; fileRef = FDBC296F2035185D007B975D /* libEWCCore.a */; };
		FD93E59220351C9F00FD5EC5 /* libEWCServiceLocator.a in Frameworks */ = {isa = PBXBuildFile; fileRef = FDBC29A120351A3A007B975D /* libEWCServiceLocator.a */; };
		FD93E59720351CF400FD5EC5 /* libEWCCoreIOS.a in Frameworks */ = {isa = PBXBuildFile; fileRef = FDBC297C20351948007B975D /* libEWCCoreIOS.a */; };
		FD93E59820351CF400FD5EC5 /* libEWCServiceLocatorIOS.a in Frameworks */ = {isa = PBXBuildFile; fileRef = FD93E55920351BC400FD5EC5 /* libEWCServiceLocatorIOS.a */; };
		FD93E5A420353FB800FD5EC5 /* EWCServiceRegistryRegisterRequest.m in Sources */ = {isa = PBXBuildFile; fileRef = FDBC29D220351AA3007B975D /* EWCServiceRegistryRegisterRequest.m */; };
		FD93E5A520353FB800FD5EC5 /* EWCServiceRegistryLocationResponse.m in Sources */ = {isa = PBXBuildFile; fileRef = FDBC29D020351AA3007B975D /* EWCServiceRegistryLocationResponse.m */; };
		FD93E5A620353FB800FD5EC5 /* EWCServiceRegistryAcknowledge.m in Sources */ = {isa = PBXBuildFile; fileRef = FDBC29D520351AA3007B975D /* EWCServiceRegistryAcknowledge.m */; };
		FD93E5A720353FB800FD5EC5 /* EWCServiceRegistryQueryRequest.m in Sources */ = {isa = PBXBuildFile; fileRef = FDBC29D320351AA3007B975D /* EWCServiceRegistryQueryRequest.m */; };
		FD93E5A820353FB800FD5EC5 /* EWCServiceRegistryUnregisterRequest.m in Sources */ = {isa = PBXBuildFile; fileRef = FDBC29CE20351AA3007B975D /* EWCServiceRegistryUnregisterRequest.m */; };
		FD93E5A920353FB800FD5EC5 /* EWCServiceRegistration.m in Sources */ = {isa = PBXBuildFile; fileRef = FDBC29E220351AA4007B975D /* EWCServiceRegistration.m */; };
		FD93E5AA20353FB800FD5EC5 /* EWCServiceRegistrationBridge.m in Sources */ = {isa = PBXBuildFile; fileRef = FDBC29E420351AA4007B975D /* EWCServiceRegistrationBridge.m */; };
		FD93E5AB20353FB800FD5EC5 /* EWCServiceRegistry.m in Sources */ = {isa = PBXBuildFile; fileRef = FDBC29D820351AA3007B975D /* EWCServiceRegistry.m */; };
		FD93E5AC20353FB800FD5EC5 /* EWCServiceRegistryClient.m in Sources */ = {isa = PBXBuildFile; fileRef = FDBC29C820351AA2007B975D /* EWCServiceRegistryClient.m */; };
		FD93E5AD20353FB800FD5EC5 /* EWCServiceRegistryProtocol.m in Sources */ = {isa = PBXBuildFile; fileRef = FDBC29CA20351AA3007B975D /* EWCServiceRegistryProtocol.m */; };
		FD93E5B52035A55100FD5EC5 /* EWCScreencast.h in Headers */ = {isa = PBXBuildFile; fileRef = FD93E5B42035A55100FD5EC5 /* EWCScreencast.h */; };
		FD93E5B72035A55100FD5EC5 /* EWCScreencast.m in Sources */ = {isa = PBXBuildFile; fileRef = FD93E5B62035A55100FD5EC5 /* EWCScreencast.m */; };
		FD93E5BC2035A7EA00FD5EC5 /* libEWCCore.a in Frameworks */ = {isa = PBXBuildFile; fileRef = FDBC296F2035185D007B975D /* libEWCCore.a */; };
		FD93E5C02035A87400FD5EC5 /* EWCScreencastProtocolHandler.h in Headers */ = {isa = PBXBuildFile; fileRef = FD93E5BF2035A87400FD5EC5 /* EWCScreencastProtocolHandler.h */; };
		FD93E5C32035A8B600FD5EC5 /* EWCScreencastProtocol.h in Headers */ = {isa = PBXBuildFile; fileRef = FD93E5C12035A8B600FD5EC5 /* EWCScreencastProtocol.h */; };
		FD93E5C42035A8B600FD5EC5 /* EWCScreencastProtocol.m in Sources */ = {isa = PBXBuildFile; fileRef = FD93E5C22035A8B600FD5EC5 /* EWCScreencastProtocol.m */; };
		FD93E5C62035AB9C00FD5EC5 /* EWCScreencastPacket.h in Headers */ = {isa = PBXBuildFile; fileRef = FD93E5C52035AB9C00FD5EC5 /* EWCScreencastPacket.h */; };
		FD93E5E62035AFA300FD5EC5 /* EWCServiceRegistry.m in Sources */ = {isa = PBXBuildFile; fileRef = FD93E5CC2035AFA300FD5EC5 /* EWCServiceRegistry.m */; };
		FD93E5E72035AFA300FD5EC5 /* EWCServiceRegistrationBridge.m in Sources */ = {isa = PBXBuildFile; fileRef = FD93E5D02035AFA300FD5EC5 /* EWCServiceRegistrationBridge.m */; };
		FD93E5E82035AFA300FD5EC5 /* EWCServiceRegistration.m in Sources */ = {isa = PBXBuildFile; fileRef = FD93E5D12035AFA300FD5EC5 /* EWCServiceRegistration.m */; };
		FD93E5E92035AFA300FD5EC5 /* EWCServiceRegistryUnregisterRequest.m in Sources */ = {isa = PBXBuildFile; fileRef = FD93E5D72035AFA300FD5EC5 /* EWCServiceRegistryUnregisterRequest.m */; };
		FD93E5EA2035AFA300FD5EC5 /* EWCServiceRegistryLocationResponse.m in Sources */ = {isa = PBXBuildFile; fileRef = FD93E5D92035AFA300FD5EC5 /* EWCServiceRegistryLocationResponse.m */; };
		FD93E5EB2035AFA300FD5EC5 /* EWCServiceRegistryRegisterRequest.m in Sources */ = {isa = PBXBuildFile; fileRef = FD93E5DB2035AFA300FD5EC5 /* EWCServiceRegistryRegisterRequest.m */; };
		FD93E5EC2035AFA300FD5EC5 /* EWCServiceRegistryQueryRequest.m in Sources */ = {isa = PBXBuildFile; fileRef = FD93E5DD2035AFA300FD5EC5 /* EWCServiceRegistryQueryRequest.m */; };
		FD93E5ED2035AFA300FD5EC5 /* EWCServiceRegistryAcknowledge.m in Sources */ = {isa = PBXBuildFile; fileRef = FD93E5DF2035AFA300FD5EC5 /* EWCServiceRegistryAcknowledge.m */; };
		FD93E5EE2035AFA300FD5EC5 /* EWCServiceRegistryProtocol.m in Sources */ = {isa = PBXBuildFile; fileRef = FD93E5E22035AFA300FD5EC5 /* EWCServiceRegistryProtocol.m */; };
		FD93E5EF2035AFA300FD5EC5 /* EWCServiceRegistryClient.m in Sources */ = {isa = PBXBuildFile; fileRef = FD93E5E42035AFA300FD5EC5 /* EWCServiceRegistryClient.m */; };
		FD93E6032035AFCC00FD5EC5 /* EWCUdpChannel.m in Sources */ = {isa = PBXBuildFile; fileRef = FD93E5F52035AFCC00FD5EC5 /* EWCUdpChannel.m */; };
		FD93E6042035AFCC00FD5EC5 /* EWCBufferedPacket.m in Sources */ = {isa = PBXBuildFile; fileRef = FD93E5F72035AFCC00FD5EC5 /* EWCBufferedPacket.m */; };
		FD93E6052035AFCC00FD5EC5 /* EWCAddressIpv4.m in Sources */ = {isa = PBXBuildFile; fileRef = FD93E5F92035AFCC00FD5EC5 /* EWCAddressIpv4.m */; };
		FD93E6062035AFCC00FD5EC5 /* EWCStringLimiter.m in Sources */ = {isa = PBXBuildFile; fileRef = FD93E5FB2035AFCC00FD5EC5 /* EWCStringLimiter.m */; };
		FD93E6072035AFCC00FD5EC5 /* EWCPair.m in Sources */ = {isa = PBXBuildFile; fileRef = FD93E5FE2035AFCC00FD5EC5 /* EWCPair.m */; };
		FD93E6082035AFCC00FD5EC5 /* EWCCFTypeRef.c in Sources */ = {isa = PBXBuildFile; fileRef = FD93E6022035AFCC00FD5EC5 /* EWCCFTypeRef.c */; };
		FD93E60C2036434700FD5EC5 /* EWCScreencastScreenRequest.h in Headers */ = {isa = PBXBuildFile; fileRef = FD93E60A2036434700FD5EC5 /* EWCScreencastScreenRequest.h */; };
		FD93E60D2036434700FD5EC5 /* EWCScreencastScreenRequest.m in Sources */ = {isa = PBXBuildFile; fileRef = FD93E60B2036434700FD5EC5 /* EWCScreencastScreenRequest.m */; };
		FD93E61120364DBD00FD5EC5 /* EWCScreencastPrepareForData.h in Headers */ = {isa = PBXBuildFile; fileRef = FD93E60F20364DBD00FD5EC5 /* EWCScreencastPrepareForData.h */; };
		FD93E61220364DBD00FD5EC5 /* EWCScreencastPrepareForData.m in Sources */ = {isa = PBXBuildFile; fileRef = FD93E61020364DBD00FD5EC5 /* EWCScreencastPrepareForData.m */; };
		FDA5446F20341746001D0D0D /* AppDelegate.m in Sources */ = {isa = PBXBuildFile; fileRef = FDA5446E20341746001D0D0D /* AppDelegate.m */; };
		FDA5447220341746001D0D0D /* ViewController.m in Sources */ = {isa = PBXBuildFile; fileRef = FDA5447120341746001D0D0D /* ViewController.m */; };
		FDA5447420341746001D0D0D /* Assets.xcassets in Resources */ = {isa = PBXBuildFile; fileRef = FDA5447320341746001D0D0D /* Assets.xcassets */; };
		FDA5447720341746001D0D0D /* Main.storyboard in Resources */ = {isa = PBXBuildFile; fileRef = FDA5447520341746001D0D0D /* Main.storyboard */; };
		FDA5447A20341746001D0D0D /* main.m in Sources */ = {isa = PBXBuildFile; fileRef = FDA5447920341746001D0D0D /* main.m */; };
		FDBC29BB20351A86007B975D /* EWCPair.m in Sources */ = {isa = PBXBuildFile; fileRef = FDBC29AB20351A86007B975D /* EWCPair.m */; };
		FDBC29BC20351A86007B975D /* EWCPair.h in Headers */ = {isa = PBXBuildFile; fileRef = FDBC29AC20351A86007B975D /* EWCPair.h */; };
		FDBC29BD20351A86007B975D /* EWCCFTypeRef.h in Headers */ = {isa = PBXBuildFile; fileRef = FDBC29AE20351A86007B975D /* EWCCFTypeRef.h */; };
		FDBC29BE20351A86007B975D /* EWCCFTypeRef.c in Sources */ = {isa = PBXBuildFile; fileRef = FDBC29AF20351A86007B975D /* EWCCFTypeRef.c */; };
		FDBC29BF20351A86007B975D /* EWCStringLimiter.m in Sources */ = {isa = PBXBuildFile; fileRef = FDBC29B120351A86007B975D /* EWCStringLimiter.m */; };
		FDBC29C020351A86007B975D /* EWCStringLimiter.h in Headers */ = {isa = PBXBuildFile; fileRef = FDBC29B220351A86007B975D /* EWCStringLimiter.h */; };
		FDBC29C120351A86007B975D /* EWCBufferedPacket.h in Headers */ = {isa = PBXBuildFile; fileRef = FDBC29B420351A86007B975D /* EWCBufferedPacket.h */; };
		FDBC29C220351A86007B975D /* EWCAddressIpv4.h in Headers */ = {isa = PBXBuildFile; fileRef = FDBC29B520351A86007B975D /* EWCAddressIpv4.h */; };
		FDBC29C320351A86007B975D /* EWCUdpChannel.m in Sources */ = {isa = PBXBuildFile; fileRef = FDBC29B620351A86007B975D /* EWCUdpChannel.m */; };
		FDBC29C420351A86007B975D /* EWCUdpChannel+EWCUdpChannelProtected.h in Headers */ = {isa = PBXBuildFile; fileRef = FDBC29B720351A86007B975D /* EWCUdpChannel+EWCUdpChannelProtected.h */; };
		FDBC29C520351A86007B975D /* EWCBufferedPacket.m in Sources */ = {isa = PBXBuildFile; fileRef = FDBC29B820351A86007B975D /* EWCBufferedPacket.m */; };
		FDBC29C620351A86007B975D /* EWCUdpChannel.h in Headers */ = {isa = PBXBuildFile; fileRef = FDBC29B920351A86007B975D /* EWCUdpChannel.h */; };
		FDBC29C720351A86007B975D /* EWCAddressIpv4.m in Sources */ = {isa = PBXBuildFile; fileRef = FDBC29BA20351A86007B975D /* EWCAddressIpv4.m */; };
		FDBC29E820351AA4007B975D /* EWCServiceRegistryProtocolOpcode.h in Headers */ = {isa = PBXBuildFile; fileRef = FDBC29CB20351AA3007B975D /* EWCServiceRegistryProtocolOpcode.h */; };
		FDBC29E920351AA4007B975D /* EWCServiceRegistryRegisterRequest.h in Headers */ = {isa = PBXBuildFile; fileRef = FDBC29CD20351AA3007B975D /* EWCServiceRegistryRegisterRequest.h */; };
		FDBC29EB20351AA4007B975D /* EWCServiceRegistryQueryRequest.h in Headers */ = {isa = PBXBuildFile; fileRef = FDBC29CF20351AA3007B975D /* EWCServiceRegistryQueryRequest.h */; };
		FDBC29ED20351AA4007B975D /* EWCServiceRegistryAcknowledge.h in Headers */ = {isa = PBXBuildFile; fileRef = FDBC29D120351AA3007B975D /* EWCServiceRegistryAcknowledge.h */; };
		FDBC29F020351AA4007B975D /* EWCServiceRegistryUnregisterRequest.h in Headers */ = {isa = PBXBuildFile; fileRef = FDBC29D420351AA3007B975D /* EWCServiceRegistryUnregisterRequest.h */; };
		FDBC29F220351AA4007B975D /* EWCServiceRegistryLocationResponse.h in Headers */ = {isa = PBXBuildFile; fileRef = FDBC29D620351AA3007B975D /* EWCServiceRegistryLocationResponse.h */; };
		FDBC29F420351AA4007B975D /* EWCServiceRegistryProtocolHandler.h in Headers */ = {isa = PBXBuildFile; fileRef = FDBC29D920351AA3007B975D /* EWCServiceRegistryProtocolHandler.h */; };
		FDBC29F520351AA4007B975D /* EWCServiceRegistry.h in Headers */ = {isa = PBXBuildFile; fileRef = FDBC29DA20351AA3007B975D /* EWCServiceRegistry.h */; };
		FDBC29F620351AA4007B975D /* EWCServiceRegistryProtocol.h in Headers */ = {isa = PBXBuildFile; fileRef = FDBC29DB20351AA3007B975D /* EWCServiceRegistryProtocol.h */; };
		FDBC29F920351AA4007B975D /* EWCServiceRegistryClient.h in Headers */ = {isa = PBXBuildFile; fileRef = FDBC29DE20351AA3007B975D /* EWCServiceRegistryClient.h */; };
		FDBC29FA20351AA4007B975D /* EWCServiceRegistryPacket.h in Headers */ = {isa = PBXBuildFile; fileRef = FDBC29DF20351AA3007B975D /* EWCServiceRegistryPacket.h */; };
		FDBC29FB20351AA4007B975D /* EWCServiceRegistration.h in Headers */ = {isa = PBXBuildFile; fileRef = FDBC29E020351AA3007B975D /* EWCServiceRegistration.h */; };
		FDBC29FC20351AA4007B975D /* EWCServiceRegistryClientDelegate.h in Headers */ = {isa = PBXBuildFile; fileRef = FDBC29E120351AA3007B975D /* EWCServiceRegistryClientDelegate.h */; };
		FDBC29FE20351AA4007B975D /* EWCServiceRegistrationBridge.h in Headers */ = {isa = PBXBuildFile; fileRef = FDBC29E320351AA4007B975D /* EWCServiceRegistrationBridge.h */; };
/* End PBXBuildFile section */

/* Begin PBXContainerItemProxy section */
		FD93E58B20351C6700FD5EC5 /* PBXContainerItemProxy */ = {
			isa = PBXContainerItemProxy;
			containerPortal = FD92444E201F119100A5B093 /* Project object */;
			proxyType = 1;
			remoteGlobalIDString = FDBC297B20351948007B975D;
			remoteInfo = EWCCoreIOS;
		};
		FD93E58D20351C9700FD5EC5 /* PBXContainerItemProxy */ = {
			isa = PBXContainerItemProxy;
			containerPortal = FD92444E201F119100A5B093 /* Project object */;
			proxyType = 1;
			remoteGlobalIDString = FDBC296E2035185D007B975D;
			remoteInfo = EWCCore;
		};
		FD93E58F20351C9700FD5EC5 /* PBXContainerItemProxy */ = {
			isa = PBXContainerItemProxy;
			containerPortal = FD92444E201F119100A5B093 /* Project object */;
			proxyType = 1;
			remoteGlobalIDString = FDBC29A020351A3A007B975D;
			remoteInfo = EWCServiceLocator;
		};
		FD93E59320351CEC00FD5EC5 /* PBXContainerItemProxy */ = {
			isa = PBXContainerItemProxy;
			containerPortal = FD92444E201F119100A5B093 /* Project object */;
			proxyType = 1;
			remoteGlobalIDString = FDBC297B20351948007B975D;
			remoteInfo = EWCCoreIOS;
		};
		FD93E59520351CEC00FD5EC5 /* PBXContainerItemProxy */ = {
			isa = PBXContainerItemProxy;
			containerPortal = FD92444E201F119100A5B093 /* Project object */;
			proxyType = 1;
			remoteGlobalIDString = FD93E55820351BC400FD5EC5;
			remoteInfo = EWCServiceLocatorIOS;
		};
		FD93E5BD2035A7FE00FD5EC5 /* PBXContainerItemProxy */ = {
			isa = PBXContainerItemProxy;
			containerPortal = FD92444E201F119100A5B093 /* Project object */;
			proxyType = 1;
			remoteGlobalIDString = FDBC296E2035185D007B975D;
			remoteInfo = EWCCore;
		};
/* End PBXContainerItemProxy section */

/* Begin PBXCopyFilesBuildPhase section */
		FD93E55720351BC400FD5EC5 /* CopyFiles */ = {
			isa = PBXCopyFilesBuildPhase;
			buildActionMask = 2147483647;
			dstPath = "include/$(PRODUCT_NAME)";
			dstSubfolderSpec = 16;
			files = (
			);
			runOnlyForDeploymentPostprocessing = 0;
		};
		FDBC297A20351948007B975D /* CopyFiles */ = {
			isa = PBXCopyFilesBuildPhase;
			buildActionMask = 2147483647;
			dstPath = "include/$(PRODUCT_NAME)";
			dstSubfolderSpec = 16;
			files = (
			);
			runOnlyForDeploymentPostprocessing = 0;
		};
/* End PBXCopyFilesBuildPhase section */

/* Begin PBXFileReference section */
		FD18639C2035065E00233413 /* ServiceLocatorApp.app */ = {isa = PBXFileReference; explicitFileType = wrapper.application; includeInIndex = 0; path = ServiceLocatorApp.app; sourceTree = BUILT_PRODUCTS_DIR; };
		FD18639E2035065F00233413 /* AppDelegate.h */ = {isa = PBXFileReference; lastKnownFileType = sourcecode.c.h; path = AppDelegate.h; sourceTree = "<group>"; };
		FD18639F2035065F00233413 /* AppDelegate.m */ = {isa = PBXFileReference; lastKnownFileType = sourcecode.c.objc; path = AppDelegate.m; sourceTree = "<group>"; };
		FD1863A12035065F00233413 /* ViewController.h */ = {isa = PBXFileReference; lastKnownFileType = sourcecode.c.h; path = ViewController.h; sourceTree = "<group>"; };
		FD1863A22035065F00233413 /* ViewController.m */ = {isa = PBXFileReference; lastKnownFileType = sourcecode.c.objc; path = ViewController.m; sourceTree = "<group>"; };
		FD1863A52035065F00233413 /* Base */ = {isa = PBXFileReference; lastKnownFileType = file.storyboard; name = Base; path = Base.lproj/Main.storyboard; sourceTree = "<group>"; };
		FD1863A72035065F00233413 /* Assets.xcassets */ = {isa = PBXFileReference; lastKnownFileType = folder.assetcatalog; path = Assets.xcassets; sourceTree = "<group>"; };
		FD1863AA2035065F00233413 /* Base */ = {isa = PBXFileReference; lastKnownFileType = file.storyboard; name = Base; path = Base.lproj/LaunchScreen.storyboard; sourceTree = "<group>"; };
		FD1863AC2035065F00233413 /* Info.plist */ = {isa = PBXFileReference; lastKnownFileType = text.plist.xml; path = Info.plist; sourceTree = "<group>"; };
		FD1863AD2035065F00233413 /* main.m */ = {isa = PBXFileReference; lastKnownFileType = sourcecode.c.objc; path = main.m; sourceTree = "<group>"; };
		FD92446C201F119200A5B093 /* ScreencastTests.xctest */ = {isa = PBXFileReference; explicitFileType = wrapper.cfbundle; includeInIndex = 0; path = ScreencastTests.xctest; sourceTree = BUILT_PRODUCTS_DIR; };
		FD924470201F119200A5B093 /* ScreencastTests.m */ = {isa = PBXFileReference; lastKnownFileType = sourcecode.c.objc; path = ScreencastTests.m; sourceTree = "<group>"; };
		FD924472201F119200A5B093 /* Info.plist */ = {isa = PBXFileReference; lastKnownFileType = text.plist.xml; path = Info.plist; sourceTree = "<group>"; };
		FD924477201F119200A5B093 /* ScreencastUITests.xctest */ = {isa = PBXFileReference; explicitFileType = wrapper.cfbundle; includeInIndex = 0; path = ScreencastUITests.xctest; sourceTree = BUILT_PRODUCTS_DIR; };
		FD92447B201F119200A5B093 /* ScreencastUITests.m */ = {isa = PBXFileReference; lastKnownFileType = sourcecode.c.objc; path = ScreencastUITests.m; sourceTree = "<group>"; };
		FD92447D201F119200A5B093 /* Info.plist */ = {isa = PBXFileReference; lastKnownFileType = text.plist.xml; path = Info.plist; sourceTree = "<group>"; };
		FD93E55920351BC400FD5EC5 /* libEWCServiceLocatorIOS.a */ = {isa = PBXFileReference; explicitFileType = archive.ar; includeInIndex = 0; path = libEWCServiceLocatorIOS.a; sourceTree = BUILT_PRODUCTS_DIR; };
		FD93E5B22035A55100FD5EC5 /* libEWCScreencast.a */ = {isa = PBXFileReference; explicitFileType = archive.ar; includeInIndex = 0; path = libEWCScreencast.a; sourceTree = BUILT_PRODUCTS_DIR; };
		FD93E5B42035A55100FD5EC5 /* EWCScreencast.h */ = {isa = PBXFileReference; lastKnownFileType = sourcecode.c.h; path = EWCScreencast.h; sourceTree = "<group>"; };
		FD93E5B62035A55100FD5EC5 /* EWCScreencast.m */ = {isa = PBXFileReference; lastKnownFileType = sourcecode.c.objc; path = EWCScreencast.m; sourceTree = "<group>"; };
		FD93E5BF2035A87400FD5EC5 /* EWCScreencastProtocolHandler.h */ = {isa = PBXFileReference; lastKnownFileType = sourcecode.c.h; path = EWCScreencastProtocolHandler.h; sourceTree = "<group>"; };
		FD93E5C12035A8B600FD5EC5 /* EWCScreencastProtocol.h */ = {isa = PBXFileReference; lastKnownFileType = sourcecode.c.h; path = EWCScreencastProtocol.h; sourceTree = "<group>"; };
		FD93E5C22035A8B600FD5EC5 /* EWCScreencastProtocol.m */ = {isa = PBXFileReference; lastKnownFileType = sourcecode.c.objc; path = EWCScreencastProtocol.m; sourceTree = "<group>"; };
		FD93E5C52035AB9C00FD5EC5 /* EWCScreencastPacket.h */ = {isa = PBXFileReference; lastKnownFileType = sourcecode.c.h; path = EWCScreencastPacket.h; sourceTree = "<group>"; };
		FD93E5CB2035AFA300FD5EC5 /* EWCServiceRegistryClient.h */ = {isa = PBXFileReference; fileEncoding = 4; lastKnownFileType = sourcecode.c.h; path = EWCServiceRegistryClient.h; sourceTree = "<group>"; };
		FD93E5CC2035AFA300FD5EC5 /* EWCServiceRegistry.m */ = {isa = PBXFileReference; fileEncoding = 4; lastKnownFileType = sourcecode.c.objc; path = EWCServiceRegistry.m; sourceTree = "<group>"; };
		FD93E5CE2035AFA300FD5EC5 /* EWCServiceRegistration.h */ = {isa = PBXFileReference; fileEncoding = 4; lastKnownFileType = sourcecode.c.h; path = EWCServiceRegistration.h; sourceTree = "<group>"; };
		FD93E5CF2035AFA300FD5EC5 /* EWCServiceRegistryProtocol.h */ = {isa = PBXFileReference; fileEncoding = 4; lastKnownFileType = sourcecode.c.h; path = EWCServiceRegistryProtocol.h; sourceTree = "<group>"; };
		FD93E5D02035AFA300FD5EC5 /* EWCServiceRegistrationBridge.m */ = {isa = PBXFileReference; fileEncoding = 4; lastKnownFileType = sourcecode.c.objc; path = EWCServiceRegistrationBridge.m; sourceTree = "<group>"; };
		FD93E5D12035AFA300FD5EC5 /* EWCServiceRegistration.m */ = {isa = PBXFileReference; fileEncoding = 4; lastKnownFileType = sourcecode.c.objc; path = EWCServiceRegistration.m; sourceTree = "<group>"; };
		FD93E5D22035AFA300FD5EC5 /* ServiceRegistryProtocol.txt */ = {isa = PBXFileReference; fileEncoding = 4; lastKnownFileType = text; path = ServiceRegistryProtocol.txt; sourceTree = "<group>"; };
		FD93E5D32035AFA300FD5EC5 /* EWCServiceRegistryProtocolOpcode.h */ = {isa = PBXFileReference; fileEncoding = 4; lastKnownFileType = sourcecode.c.h; path = EWCServiceRegistryProtocolOpcode.h; sourceTree = "<group>"; };
		FD93E5D42035AFA300FD5EC5 /* EWCServiceRegistryProtocolHandler.h */ = {isa = PBXFileReference; fileEncoding = 4; lastKnownFileType = sourcecode.c.h; path = EWCServiceRegistryProtocolHandler.h; sourceTree = "<group>"; };
		FD93E5D62035AFA300FD5EC5 /* EWCServiceRegistryRegisterRequest.h */ = {isa = PBXFileReference; fileEncoding = 4; lastKnownFileType = sourcecode.c.h; path = EWCServiceRegistryRegisterRequest.h; sourceTree = "<group>"; };
		FD93E5D72035AFA300FD5EC5 /* EWCServiceRegistryUnregisterRequest.m */ = {isa = PBXFileReference; fileEncoding = 4; lastKnownFileType = sourcecode.c.objc; path = EWCServiceRegistryUnregisterRequest.m; sourceTree = "<group>"; };
		FD93E5D82035AFA300FD5EC5 /* EWCServiceRegistryQueryRequest.h */ = {isa = PBXFileReference; fileEncoding = 4; lastKnownFileType = sourcecode.c.h; path = EWCServiceRegistryQueryRequest.h; sourceTree = "<group>"; };
		FD93E5D92035AFA300FD5EC5 /* EWCServiceRegistryLocationResponse.m */ = {isa = PBXFileReference; fileEncoding = 4; lastKnownFileType = sourcecode.c.objc; path = EWCServiceRegistryLocationResponse.m; sourceTree = "<group>"; };
		FD93E5DA2035AFA300FD5EC5 /* EWCServiceRegistryAcknowledge.h */ = {isa = PBXFileReference; fileEncoding = 4; lastKnownFileType = sourcecode.c.h; path = EWCServiceRegistryAcknowledge.h; sourceTree = "<group>"; };
		FD93E5DB2035AFA300FD5EC5 /* EWCServiceRegistryRegisterRequest.m */ = {isa = PBXFileReference; fileEncoding = 4; lastKnownFileType = sourcecode.c.objc; path = EWCServiceRegistryRegisterRequest.m; sourceTree = "<group>"; };
		FD93E5DC2035AFA300FD5EC5 /* EWCServiceRegistryPacket.h */ = {isa = PBXFileReference; fileEncoding = 4; lastKnownFileType = sourcecode.c.h; path = EWCServiceRegistryPacket.h; sourceTree = "<group>"; };
		FD93E5DD2035AFA300FD5EC5 /* EWCServiceRegistryQueryRequest.m */ = {isa = PBXFileReference; fileEncoding = 4; lastKnownFileType = sourcecode.c.objc; path = EWCServiceRegistryQueryRequest.m; sourceTree = "<group>"; };
		FD93E5DE2035AFA300FD5EC5 /* EWCServiceRegistryUnregisterRequest.h */ = {isa = PBXFileReference; fileEncoding = 4; lastKnownFileType = sourcecode.c.h; path = EWCServiceRegistryUnregisterRequest.h; sourceTree = "<group>"; };
		FD93E5DF2035AFA300FD5EC5 /* EWCServiceRegistryAcknowledge.m */ = {isa = PBXFileReference; fileEncoding = 4; lastKnownFileType = sourcecode.c.objc; path = EWCServiceRegistryAcknowledge.m; sourceTree = "<group>"; };
		FD93E5E02035AFA300FD5EC5 /* EWCServiceRegistryLocationResponse.h */ = {isa = PBXFileReference; fileEncoding = 4; lastKnownFileType = sourcecode.c.h; path = EWCServiceRegistryLocationResponse.h; sourceTree = "<group>"; };
		FD93E5E12035AFA300FD5EC5 /* EWCServiceRegistrationBridge.h */ = {isa = PBXFileReference; fileEncoding = 4; lastKnownFileType = sourcecode.c.h; path = EWCServiceRegistrationBridge.h; sourceTree = "<group>"; };
		FD93E5E22035AFA300FD5EC5 /* EWCServiceRegistryProtocol.m */ = {isa = PBXFileReference; fileEncoding = 4; lastKnownFileType = sourcecode.c.objc; path = EWCServiceRegistryProtocol.m; sourceTree = "<group>"; };
		FD93E5E32035AFA300FD5EC5 /* EWCServiceRegistryClientDelegate.h */ = {isa = PBXFileReference; fileEncoding = 4; lastKnownFileType = sourcecode.c.h; path = EWCServiceRegistryClientDelegate.h; sourceTree = "<group>"; };
		FD93E5E42035AFA300FD5EC5 /* EWCServiceRegistryClient.m */ = {isa = PBXFileReference; fileEncoding = 4; lastKnownFileType = sourcecode.c.objc; path = EWCServiceRegistryClient.m; sourceTree = "<group>"; };
		FD93E5E52035AFA300FD5EC5 /* EWCServiceRegistry.h */ = {isa = PBXFileReference; fileEncoding = 4; lastKnownFileType = sourcecode.c.h; path = EWCServiceRegistry.h; sourceTree = "<group>"; };
		FD93E5F22035AFCC00FD5EC5 /* EWCBufferedPacket.h */ = {isa = PBXFileReference; fileEncoding = 4; lastKnownFileType = sourcecode.c.h; path = EWCBufferedPacket.h; sourceTree = "<group>"; };
		FD93E5F32035AFCC00FD5EC5 /* EWCDataHelper.h */ = {isa = PBXFileReference; fileEncoding = 4; lastKnownFileType = sourcecode.c.h; path = EWCDataHelper.h; sourceTree = "<group>"; };
		FD93E5F42035AFCC00FD5EC5 /* EWCAddressIpv4.h */ = {isa = PBXFileReference; fileEncoding = 4; lastKnownFileType = sourcecode.c.h; path = EWCAddressIpv4.h; sourceTree = "<group>"; };
		FD93E5F52035AFCC00FD5EC5 /* EWCUdpChannel.m */ = {isa = PBXFileReference; fileEncoding = 4; lastKnownFileType = sourcecode.c.objc; path = EWCUdpChannel.m; sourceTree = "<group>"; };
		FD93E5F62035AFCC00FD5EC5 /* EWCUdpChannel+EWCUdpChannelProtected.h */ = {isa = PBXFileReference; fileEncoding = 4; lastKnownFileType = sourcecode.c.h; path = "EWCUdpChannel+EWCUdpChannelProtected.h"; sourceTree = "<group>"; };
		FD93E5F72035AFCC00FD5EC5 /* EWCBufferedPacket.m */ = {isa = PBXFileReference; fileEncoding = 4; lastKnownFileType = sourcecode.c.objc; path = EWCBufferedPacket.m; sourceTree = "<group>"; };
		FD93E5F82035AFCC00FD5EC5 /* EWCUdpChannel.h */ = {isa = PBXFileReference; fileEncoding = 4; lastKnownFileType = sourcecode.c.h; path = EWCUdpChannel.h; sourceTree = "<group>"; };
		FD93E5F92035AFCC00FD5EC5 /* EWCAddressIpv4.m */ = {isa = PBXFileReference; fileEncoding = 4; lastKnownFileType = sourcecode.c.objc; path = EWCAddressIpv4.m; sourceTree = "<group>"; };
		FD93E5FB2035AFCC00FD5EC5 /* EWCStringLimiter.m */ = {isa = PBXFileReference; fileEncoding = 4; lastKnownFileType = sourcecode.c.objc; path = EWCStringLimiter.m; sourceTree = "<group>"; };
		FD93E5FC2035AFCC00FD5EC5 /* EWCStringLimiter.h */ = {isa = PBXFileReference; fileEncoding = 4; lastKnownFileType = sourcecode.c.h; path = EWCStringLimiter.h; sourceTree = "<group>"; };
		FD93E5FE2035AFCC00FD5EC5 /* EWCPair.m */ = {isa = PBXFileReference; fileEncoding = 4; lastKnownFileType = sourcecode.c.objc; path = EWCPair.m; sourceTree = "<group>"; };
		FD93E5FF2035AFCC00FD5EC5 /* EWCPair.h */ = {isa = PBXFileReference; fileEncoding = 4; lastKnownFileType = sourcecode.c.h; path = EWCPair.h; sourceTree = "<group>"; };
		FD93E6012035AFCC00FD5EC5 /* EWCCFTypeRef.h */ = {isa = PBXFileReference; fileEncoding = 4; lastKnownFileType = sourcecode.c.h; path = EWCCFTypeRef.h; sourceTree = "<group>"; };
		FD93E6022035AFCC00FD5EC5 /* EWCCFTypeRef.c */ = {isa = PBXFileReference; fileEncoding = 4; lastKnownFileType = sourcecode.c.c; path = EWCCFTypeRef.c; sourceTree = "<group>"; };
		FD93E609203637CE00FD5EC5 /* ScreencastProtocol.txt */ = {isa = PBXFileReference; lastKnownFileType = text; path = ScreencastProtocol.txt; sourceTree = "<group>"; };
		FD93E60A2036434700FD5EC5 /* EWCScreencastScreenRequest.h */ = {isa = PBXFileReference; lastKnownFileType = sourcecode.c.h; path = EWCScreencastScreenRequest.h; sourceTree = "<group>"; };
		FD93E60B2036434700FD5EC5 /* EWCScreencastScreenRequest.m */ = {isa = PBXFileReference; lastKnownFileType = sourcecode.c.objc; path = EWCScreencastScreenRequest.m; sourceTree = "<group>"; };
		FD93E60E2036480A00FD5EC5 /* EWCScreencastProtocolOpcode.h */ = {isa = PBXFileReference; lastKnownFileType = sourcecode.c.h; path = EWCScreencastProtocolOpcode.h; sourceTree = "<group>"; };
		FD93E60F20364DBD00FD5EC5 /* EWCScreencastPrepareForData.h */ = {isa = PBXFileReference; lastKnownFileType = sourcecode.c.h; path = EWCScreencastPrepareForData.h; sourceTree = "<group>"; };
		FD93E61020364DBD00FD5EC5 /* EWCScreencastPrepareForData.m */ = {isa = PBXFileReference; lastKnownFileType = sourcecode.c.objc; path = EWCScreencastPrepareForData.m; sourceTree = "<group>"; };
		FDA5446B20341746001D0D0D /* ServiceLocatorTest.app */ = {isa = PBXFileReference; explicitFileType = wrapper.application; includeInIndex = 0; path = ServiceLocatorTest.app; sourceTree = BUILT_PRODUCTS_DIR; };
		FDA5446D20341746001D0D0D /* AppDelegate.h */ = {isa = PBXFileReference; lastKnownFileType = sourcecode.c.h; path = AppDelegate.h; sourceTree = "<group>"; };
		FDA5446E20341746001D0D0D /* AppDelegate.m */ = {isa = PBXFileReference; lastKnownFileType = sourcecode.c.objc; path = AppDelegate.m; sourceTree = "<group>"; };
		FDA5447020341746001D0D0D /* ViewController.h */ = {isa = PBXFileReference; lastKnownFileType = sourcecode.c.h; path = ViewController.h; sourceTree = "<group>"; };
		FDA5447120341746001D0D0D /* ViewController.m */ = {isa = PBXFileReference; lastKnownFileType = sourcecode.c.objc; path = ViewController.m; sourceTree = "<group>"; };
		FDA5447320341746001D0D0D /* Assets.xcassets */ = {isa = PBXFileReference; lastKnownFileType = folder.assetcatalog; path = Assets.xcassets; sourceTree = "<group>"; };
		FDA5447620341746001D0D0D /* Base */ = {isa = PBXFileReference; lastKnownFileType = file.storyboard; name = Base; path = Base.lproj/Main.storyboard; sourceTree = "<group>"; };
		FDA5447820341746001D0D0D /* Info.plist */ = {isa = PBXFileReference; lastKnownFileType = text.plist.xml; path = Info.plist; sourceTree = "<group>"; };
		FDA5447920341746001D0D0D /* main.m */ = {isa = PBXFileReference; lastKnownFileType = sourcecode.c.objc; path = main.m; sourceTree = "<group>"; };
		FDA5447B20341746001D0D0D /* ServiceLocatorTest.entitlements */ = {isa = PBXFileReference; lastKnownFileType = text.plist.entitlements; path = ServiceLocatorTest.entitlements; sourceTree = "<group>"; };
		FDBC296F2035185D007B975D /* libEWCCore.a */ = {isa = PBXFileReference; explicitFileType = archive.ar; includeInIndex = 0; path = libEWCCore.a; sourceTree = BUILT_PRODUCTS_DIR; };
		FDBC297C20351948007B975D /* libEWCCoreIOS.a */ = {isa = PBXFileReference; explicitFileType = archive.ar; includeInIndex = 0; path = libEWCCoreIOS.a; sourceTree = BUILT_PRODUCTS_DIR; };
		FDBC29A120351A3A007B975D /* libEWCServiceLocator.a */ = {isa = PBXFileReference; explicitFileType = archive.ar; includeInIndex = 0; path = libEWCServiceLocator.a; sourceTree = BUILT_PRODUCTS_DIR; };
		FDBC29AB20351A86007B975D /* EWCPair.m */ = {isa = PBXFileReference; fileEncoding = 4; lastKnownFileType = sourcecode.c.objc; path = EWCPair.m; sourceTree = "<group>"; };
		FDBC29AC20351A86007B975D /* EWCPair.h */ = {isa = PBXFileReference; fileEncoding = 4; lastKnownFileType = sourcecode.c.h; path = EWCPair.h; sourceTree = "<group>"; };
		FDBC29AE20351A86007B975D /* EWCCFTypeRef.h */ = {isa = PBXFileReference; fileEncoding = 4; lastKnownFileType = sourcecode.c.h; path = EWCCFTypeRef.h; sourceTree = "<group>"; };
		FDBC29AF20351A86007B975D /* EWCCFTypeRef.c */ = {isa = PBXFileReference; fileEncoding = 4; lastKnownFileType = sourcecode.c.c; path = EWCCFTypeRef.c; sourceTree = "<group>"; };
		FDBC29B120351A86007B975D /* EWCStringLimiter.m */ = {isa = PBXFileReference; fileEncoding = 4; lastKnownFileType = sourcecode.c.objc; path = EWCStringLimiter.m; sourceTree = "<group>"; };
		FDBC29B220351A86007B975D /* EWCStringLimiter.h */ = {isa = PBXFileReference; fileEncoding = 4; lastKnownFileType = sourcecode.c.h; path = EWCStringLimiter.h; sourceTree = "<group>"; };
		FDBC29B420351A86007B975D /* EWCBufferedPacket.h */ = {isa = PBXFileReference; fileEncoding = 4; lastKnownFileType = sourcecode.c.h; path = EWCBufferedPacket.h; sourceTree = "<group>"; };
		FDBC29B520351A86007B975D /* EWCAddressIpv4.h */ = {isa = PBXFileReference; fileEncoding = 4; lastKnownFileType = sourcecode.c.h; path = EWCAddressIpv4.h; sourceTree = "<group>"; };
		FDBC29B620351A86007B975D /* EWCUdpChannel.m */ = {isa = PBXFileReference; fileEncoding = 4; lastKnownFileType = sourcecode.c.objc; path = EWCUdpChannel.m; sourceTree = "<group>"; };
		FDBC29B720351A86007B975D /* EWCUdpChannel+EWCUdpChannelProtected.h */ = {isa = PBXFileReference; fileEncoding = 4; lastKnownFileType = sourcecode.c.h; path = "EWCUdpChannel+EWCUdpChannelProtected.h"; sourceTree = "<group>"; };
		FDBC29B820351A86007B975D /* EWCBufferedPacket.m */ = {isa = PBXFileReference; fileEncoding = 4; lastKnownFileType = sourcecode.c.objc; path = EWCBufferedPacket.m; sourceTree = "<group>"; };
		FDBC29B920351A86007B975D /* EWCUdpChannel.h */ = {isa = PBXFileReference; fileEncoding = 4; lastKnownFileType = sourcecode.c.h; path = EWCUdpChannel.h; sourceTree = "<group>"; };
		FDBC29BA20351A86007B975D /* EWCAddressIpv4.m */ = {isa = PBXFileReference; fileEncoding = 4; lastKnownFileType = sourcecode.c.objc; path = EWCAddressIpv4.m; sourceTree = "<group>"; };
		FDBC29C820351AA2007B975D /* EWCServiceRegistryClient.m */ = {isa = PBXFileReference; fileEncoding = 4; lastKnownFileType = sourcecode.c.objc; path = EWCServiceRegistryClient.m; sourceTree = "<group>"; };
		FDBC29CA20351AA3007B975D /* EWCServiceRegistryProtocol.m */ = {isa = PBXFileReference; fileEncoding = 4; lastKnownFileType = sourcecode.c.objc; path = EWCServiceRegistryProtocol.m; sourceTree = "<group>"; };
		FDBC29CB20351AA3007B975D /* EWCServiceRegistryProtocolOpcode.h */ = {isa = PBXFileReference; fileEncoding = 4; lastKnownFileType = sourcecode.c.h; path = EWCServiceRegistryProtocolOpcode.h; sourceTree = "<group>"; };
		FDBC29CD20351AA3007B975D /* EWCServiceRegistryRegisterRequest.h */ = {isa = PBXFileReference; fileEncoding = 4; lastKnownFileType = sourcecode.c.h; path = EWCServiceRegistryRegisterRequest.h; sourceTree = "<group>"; };
		FDBC29CE20351AA3007B975D /* EWCServiceRegistryUnregisterRequest.m */ = {isa = PBXFileReference; fileEncoding = 4; lastKnownFileType = sourcecode.c.objc; path = EWCServiceRegistryUnregisterRequest.m; sourceTree = "<group>"; };
		FDBC29CF20351AA3007B975D /* EWCServiceRegistryQueryRequest.h */ = {isa = PBXFileReference; fileEncoding = 4; lastKnownFileType = sourcecode.c.h; path = EWCServiceRegistryQueryRequest.h; sourceTree = "<group>"; };
		FDBC29D020351AA3007B975D /* EWCServiceRegistryLocationResponse.m */ = {isa = PBXFileReference; fileEncoding = 4; lastKnownFileType = sourcecode.c.objc; path = EWCServiceRegistryLocationResponse.m; sourceTree = "<group>"; };
		FDBC29D120351AA3007B975D /* EWCServiceRegistryAcknowledge.h */ = {isa = PBXFileReference; fileEncoding = 4; lastKnownFileType = sourcecode.c.h; path = EWCServiceRegistryAcknowledge.h; sourceTree = "<group>"; };
		FDBC29D220351AA3007B975D /* EWCServiceRegistryRegisterRequest.m */ = {isa = PBXFileReference; fileEncoding = 4; lastKnownFileType = sourcecode.c.objc; path = EWCServiceRegistryRegisterRequest.m; sourceTree = "<group>"; };
		FDBC29D320351AA3007B975D /* EWCServiceRegistryQueryRequest.m */ = {isa = PBXFileReference; fileEncoding = 4; lastKnownFileType = sourcecode.c.objc; path = EWCServiceRegistryQueryRequest.m; sourceTree = "<group>"; };
		FDBC29D420351AA3007B975D /* EWCServiceRegistryUnregisterRequest.h */ = {isa = PBXFileReference; fileEncoding = 4; lastKnownFileType = sourcecode.c.h; path = EWCServiceRegistryUnregisterRequest.h; sourceTree = "<group>"; };
		FDBC29D520351AA3007B975D /* EWCServiceRegistryAcknowledge.m */ = {isa = PBXFileReference; fileEncoding = 4; lastKnownFileType = sourcecode.c.objc; path = EWCServiceRegistryAcknowledge.m; sourceTree = "<group>"; };
		FDBC29D620351AA3007B975D /* EWCServiceRegistryLocationResponse.h */ = {isa = PBXFileReference; fileEncoding = 4; lastKnownFileType = sourcecode.c.h; path = EWCServiceRegistryLocationResponse.h; sourceTree = "<group>"; };
		FDBC29D720351AA3007B975D /* ServiceRegistryProtocol.txt */ = {isa = PBXFileReference; fileEncoding = 4; lastKnownFileType = text; path = ServiceRegistryProtocol.txt; sourceTree = "<group>"; };
		FDBC29D820351AA3007B975D /* EWCServiceRegistry.m */ = {isa = PBXFileReference; fileEncoding = 4; lastKnownFileType = sourcecode.c.objc; path = EWCServiceRegistry.m; sourceTree = "<group>"; };
		FDBC29D920351AA3007B975D /* EWCServiceRegistryProtocolHandler.h */ = {isa = PBXFileReference; fileEncoding = 4; lastKnownFileType = sourcecode.c.h; path = EWCServiceRegistryProtocolHandler.h; sourceTree = "<group>"; };
		FDBC29DA20351AA3007B975D /* EWCServiceRegistry.h */ = {isa = PBXFileReference; fileEncoding = 4; lastKnownFileType = sourcecode.c.h; path = EWCServiceRegistry.h; sourceTree = "<group>"; };
		FDBC29DB20351AA3007B975D /* EWCServiceRegistryProtocol.h */ = {isa = PBXFileReference; fileEncoding = 4; lastKnownFileType = sourcecode.c.h; path = EWCServiceRegistryProtocol.h; sourceTree = "<group>"; };
		FDBC29DC20351AA3007B975D /* EWCDataHelper.h */ = {isa = PBXFileReference; fileEncoding = 4; lastKnownFileType = sourcecode.c.h; path = EWCDataHelper.h; sourceTree = "<group>"; };
		FDBC29DE20351AA3007B975D /* EWCServiceRegistryClient.h */ = {isa = PBXFileReference; fileEncoding = 4; lastKnownFileType = sourcecode.c.h; path = EWCServiceRegistryClient.h; sourceTree = "<group>"; };
		FDBC29DF20351AA3007B975D /* EWCServiceRegistryPacket.h */ = {isa = PBXFileReference; fileEncoding = 4; lastKnownFileType = sourcecode.c.h; path = EWCServiceRegistryPacket.h; sourceTree = "<group>"; };
		FDBC29E020351AA3007B975D /* EWCServiceRegistration.h */ = {isa = PBXFileReference; fileEncoding = 4; lastKnownFileType = sourcecode.c.h; path = EWCServiceRegistration.h; sourceTree = "<group>"; };
		FDBC29E120351AA3007B975D /* EWCServiceRegistryClientDelegate.h */ = {isa = PBXFileReference; fileEncoding = 4; lastKnownFileType = sourcecode.c.h; path = EWCServiceRegistryClientDelegate.h; sourceTree = "<group>"; };
		FDBC29E220351AA4007B975D /* EWCServiceRegistration.m */ = {isa = PBXFileReference; fileEncoding = 4; lastKnownFileType = sourcecode.c.objc; path = EWCServiceRegistration.m; sourceTree = "<group>"; };
		FDBC29E320351AA4007B975D /* EWCServiceRegistrationBridge.h */ = {isa = PBXFileReference; fileEncoding = 4; lastKnownFileType = sourcecode.c.h; path = EWCServiceRegistrationBridge.h; sourceTree = "<group>"; };
		FDBC29E420351AA4007B975D /* EWCServiceRegistrationBridge.m */ = {isa = PBXFileReference; fileEncoding = 4; lastKnownFileType = sourcecode.c.objc; path = EWCServiceRegistrationBridge.m; sourceTree = "<group>"; };
/* End PBXFileReference section */

/* Begin PBXFrameworksBuildPhase section */
		FD1863992035065E00233413 /* Frameworks */ = {
			isa = PBXFrameworksBuildPhase;
			buildActionMask = 2147483647;
			files = (
				FD93E59720351CF400FD5EC5 /* libEWCCoreIOS.a in Frameworks */,
				FD93E59820351CF400FD5EC5 /* libEWCServiceLocatorIOS.a in Frameworks */,
			);
			runOnlyForDeploymentPostprocessing = 0;
		};
		FD924469201F119200A5B093 /* Frameworks */ = {
			isa = PBXFrameworksBuildPhase;
			buildActionMask = 2147483647;
			files = (
			);
			runOnlyForDeploymentPostprocessing = 0;
		};
		FD924474201F119200A5B093 /* Frameworks */ = {
			isa = PBXFrameworksBuildPhase;
			buildActionMask = 2147483647;
			files = (
			);
			runOnlyForDeploymentPostprocessing = 0;
		};
		FD93E55620351BC400FD5EC5 /* Frameworks */ = {
			isa = PBXFrameworksBuildPhase;
			buildActionMask = 2147483647;
			files = (
			);
			runOnlyForDeploymentPostprocessing = 0;
		};
		FD93E5AF2035A55100FD5EC5 /* Frameworks */ = {
			isa = PBXFrameworksBuildPhase;
			buildActionMask = 2147483647;
			files = (
				FD93E5BC2035A7EA00FD5EC5 /* libEWCCore.a in Frameworks */,
			);
			runOnlyForDeploymentPostprocessing = 0;
		};
		FDA5446820341746001D0D0D /* Frameworks */ = {
			isa = PBXFrameworksBuildPhase;
			buildActionMask = 2147483647;
			files = (
				FD93E59120351C9F00FD5EC5 /* libEWCCore.a in Frameworks */,
				FD93E59220351C9F00FD5EC5 /* libEWCServiceLocator.a in Frameworks */,
			);
			runOnlyForDeploymentPostprocessing = 0;
		};
		FDBC296C2035185D007B975D /* Frameworks */ = {
			isa = PBXFrameworksBuildPhase;
			buildActionMask = 2147483647;
			files = (
			);
			runOnlyForDeploymentPostprocessing = 0;
		};
		FDBC297920351948007B975D /* Frameworks */ = {
			isa = PBXFrameworksBuildPhase;
			buildActionMask = 2147483647;
			files = (
			);
			runOnlyForDeploymentPostprocessing = 0;
		};
		FDBC299E20351A3A007B975D /* Frameworks */ = {
			isa = PBXFrameworksBuildPhase;
			buildActionMask = 2147483647;
			files = (
			);
			runOnlyForDeploymentPostprocessing = 0;
		};
/* End PBXFrameworksBuildPhase section */

/* Begin PBXGroup section */
		FD1863922034616500233413 /* Frameworks */ = {
			isa = PBXGroup;
			children = (
			);
			name = Frameworks;
			sourceTree = "<group>";
		};
		FD18639D2035065F00233413 /* ServiceLocatorApp */ = {
			isa = PBXGroup;
			children = (
				FD18639E2035065F00233413 /* AppDelegate.h */,
				FD18639F2035065F00233413 /* AppDelegate.m */,
				FD1863A12035065F00233413 /* ViewController.h */,
				FD1863A22035065F00233413 /* ViewController.m */,
				FD1863A42035065F00233413 /* Main.storyboard */,
				FD1863A72035065F00233413 /* Assets.xcassets */,
				FD1863A92035065F00233413 /* LaunchScreen.storyboard */,
				FD1863AC2035065F00233413 /* Info.plist */,
				FD1863AD2035065F00233413 /* main.m */,
			);
			path = ServiceLocatorApp;
			sourceTree = "<group>";
		};
		FD92444D201F119100A5B093 = {
			isa = PBXGroup;
			children = (
				FD92446F201F119200A5B093 /* ScreencastTests */,
				FD92447A201F119200A5B093 /* ScreencastUITests */,
				FDBC29702035185D007B975D /* EWCCore */,
				FDBC297D20351948007B975D /* EWCCoreIOS */,
				FDBC29A220351A3A007B975D /* EWCServiceLocator */,
				FD93E55A20351BC400FD5EC5 /* EWCServiceLocatorIOS */,
				FD93E5B32035A55100FD5EC5 /* EWCScreencast */,
				FDA5446C20341746001D0D0D /* ServiceLocatorTest */,
				FD18639D2035065F00233413 /* ServiceLocatorApp */,
				FD924457201F119100A5B093 /* Products */,
				FD1863922034616500233413 /* Frameworks */,
			);
			sourceTree = "<group>";
		};
		FD924457201F119100A5B093 /* Products */ = {
			isa = PBXGroup;
			children = (
				FD92446C201F119200A5B093 /* ScreencastTests.xctest */,
				FD924477201F119200A5B093 /* ScreencastUITests.xctest */,
				FDA5446B20341746001D0D0D /* ServiceLocatorTest.app */,
				FD18639C2035065E00233413 /* ServiceLocatorApp.app */,
				FDBC296F2035185D007B975D /* libEWCCore.a */,
				FDBC297C20351948007B975D /* libEWCCoreIOS.a */,
				FDBC29A120351A3A007B975D /* libEWCServiceLocator.a */,
				FD93E55920351BC400FD5EC5 /* libEWCServiceLocatorIOS.a */,
				FD93E5B22035A55100FD5EC5 /* libEWCScreencast.a */,
			);
			name = Products;
			sourceTree = "<group>";
		};
		FD92446F201F119200A5B093 /* ScreencastTests */ = {
			isa = PBXGroup;
			children = (
				FD924470201F119200A5B093 /* ScreencastTests.m */,
				FD924472201F119200A5B093 /* Info.plist */,
			);
			path = ScreencastTests;
			sourceTree = "<group>";
		};
		FD92447A201F119200A5B093 /* ScreencastUITests */ = {
			isa = PBXGroup;
			children = (
				FD92447B201F119200A5B093 /* ScreencastUITests.m */,
				FD92447D201F119200A5B093 /* Info.plist */,
			);
			path = ScreencastUITests;
			sourceTree = "<group>";
		};
		FD93E55A20351BC400FD5EC5 /* EWCServiceLocatorIOS */ = {
			isa = PBXGroup;
			children = (
				FD93E5CA2035AFA300FD5EC5 /* EWCServiceLocator */,
			);
			path = EWCServiceLocatorIOS;
			sourceTree = "<group>";
		};
		FD93E5B32035A55100FD5EC5 /* EWCScreencast */ = {
			isa = PBXGroup;
			children = (
				FD93E5C82035AF0600FD5EC5 /* Protocol */,
				FD93E5B42035A55100FD5EC5 /* EWCScreencast.h */,
				FD93E5B62035A55100FD5EC5 /* EWCScreencast.m */,
			);
			path = EWCScreencast;
			sourceTree = "<group>";
		};
		FD93E5C72035AD3900FD5EC5 /* Protocol */ = {
			isa = PBXGroup;
			children = (
				FDBC29CC20351AA3007B975D /* Packet */,
				FDBC29D720351AA3007B975D /* ServiceRegistryProtocol.txt */,
				FDBC29E020351AA3007B975D /* EWCServiceRegistration.h */,
				FDBC29E220351AA4007B975D /* EWCServiceRegistration.m */,
				FDBC29E320351AA4007B975D /* EWCServiceRegistrationBridge.h */,
				FDBC29E420351AA4007B975D /* EWCServiceRegistrationBridge.m */,
				FDBC29DB20351AA3007B975D /* EWCServiceRegistryProtocol.h */,
				FDBC29CA20351AA3007B975D /* EWCServiceRegistryProtocol.m */,
				FDBC29D920351AA3007B975D /* EWCServiceRegistryProtocolHandler.h */,
				FDBC29CB20351AA3007B975D /* EWCServiceRegistryProtocolOpcode.h */,
			);
			path = Protocol;
			sourceTree = "<group>";
		};
		FD93E5C82035AF0600FD5EC5 /* Protocol */ = {
			isa = PBXGroup;
			children = (
				FD93E5C92035AF1000FD5EC5 /* Packet */,
				FD93E609203637CE00FD5EC5 /* ScreencastProtocol.txt */,
				FD93E5BF2035A87400FD5EC5 /* EWCScreencastProtocolHandler.h */,
				FD93E5C12035A8B600FD5EC5 /* EWCScreencastProtocol.h */,
				FD93E5C22035A8B600FD5EC5 /* EWCScreencastProtocol.m */,
				FD93E60E2036480A00FD5EC5 /* EWCScreencastProtocolOpcode.h */,
			);
			path = Protocol;
			sourceTree = "<group>";
		};
		FD93E5C92035AF1000FD5EC5 /* Packet */ = {
			isa = PBXGroup;
			children = (
				FD93E5C52035AB9C00FD5EC5 /* EWCScreencastPacket.h */,
				FD93E60A2036434700FD5EC5 /* EWCScreencastScreenRequest.h */,
				FD93E60B2036434700FD5EC5 /* EWCScreencastScreenRequest.m */,
				FD93E60F20364DBD00FD5EC5 /* EWCScreencastPrepareForData.h */,
				FD93E61020364DBD00FD5EC5 /* EWCScreencastPrepareForData.m */,
			);
			path = Packet;
			sourceTree = "<group>";
		};
		FD93E5CA2035AFA300FD5EC5 /* EWCServiceLocator */ = {
			isa = PBXGroup;
			children = (
				FD93E5CB2035AFA300FD5EC5 /* EWCServiceRegistryClient.h */,
				FD93E5CC2035AFA300FD5EC5 /* EWCServiceRegistry.m */,
				FD93E5CD2035AFA300FD5EC5 /* Protocol */,
				FD93E5E32035AFA300FD5EC5 /* EWCServiceRegistryClientDelegate.h */,
				FD93E5E42035AFA300FD5EC5 /* EWCServiceRegistryClient.m */,
				FD93E5E52035AFA300FD5EC5 /* EWCServiceRegistry.h */,
			);
			path = EWCServiceLocator;
			sourceTree = SOURCE_ROOT;
		};
		FD93E5CD2035AFA300FD5EC5 /* Protocol */ = {
			isa = PBXGroup;
			children = (
				FD93E5CE2035AFA300FD5EC5 /* EWCServiceRegistration.h */,
				FD93E5CF2035AFA300FD5EC5 /* EWCServiceRegistryProtocol.h */,
				FD93E5D02035AFA300FD5EC5 /* EWCServiceRegistrationBridge.m */,
				FD93E5D12035AFA300FD5EC5 /* EWCServiceRegistration.m */,
				FD93E5D22035AFA300FD5EC5 /* ServiceRegistryProtocol.txt */,
				FD93E5D32035AFA300FD5EC5 /* EWCServiceRegistryProtocolOpcode.h */,
				FD93E5D42035AFA300FD5EC5 /* EWCServiceRegistryProtocolHandler.h */,
				FD93E5D52035AFA300FD5EC5 /* Packet */,
				FD93E5E12035AFA300FD5EC5 /* EWCServiceRegistrationBridge.h */,
				FD93E5E22035AFA300FD5EC5 /* EWCServiceRegistryProtocol.m */,
			);
			path = Protocol;
			sourceTree = "<group>";
		};
		FD93E5D52035AFA300FD5EC5 /* Packet */ = {
			isa = PBXGroup;
			children = (
				FD93E5D62035AFA300FD5EC5 /* EWCServiceRegistryRegisterRequest.h */,
				FD93E5D72035AFA300FD5EC5 /* EWCServiceRegistryUnregisterRequest.m */,
				FD93E5D82035AFA300FD5EC5 /* EWCServiceRegistryQueryRequest.h */,
				FD93E5D92035AFA300FD5EC5 /* EWCServiceRegistryLocationResponse.m */,
				FD93E5DA2035AFA300FD5EC5 /* EWCServiceRegistryAcknowledge.h */,
				FD93E5DB2035AFA300FD5EC5 /* EWCServiceRegistryRegisterRequest.m */,
				FD93E5DC2035AFA300FD5EC5 /* EWCServiceRegistryPacket.h */,
				FD93E5DD2035AFA300FD5EC5 /* EWCServiceRegistryQueryRequest.m */,
				FD93E5DE2035AFA300FD5EC5 /* EWCServiceRegistryUnregisterRequest.h */,
				FD93E5DF2035AFA300FD5EC5 /* EWCServiceRegistryAcknowledge.m */,
				FD93E5E02035AFA300FD5EC5 /* EWCServiceRegistryLocationResponse.h */,
			);
			path = Packet;
			sourceTree = "<group>";
		};
		FD93E5F02035AFCC00FD5EC5 /* EWCCore */ = {
			isa = PBXGroup;
			children = (
				FD93E5F12035AFCC00FD5EC5 /* Network */,
				FD93E5FA2035AFCC00FD5EC5 /* Foundation */,
				FD93E5FD2035AFCC00FD5EC5 /* Container */,
				FD93E6002035AFCC00FD5EC5 /* CoreFoundation */,
			);
			path = EWCCore;
			sourceTree = SOURCE_ROOT;
		};
		FD93E5F12035AFCC00FD5EC5 /* Network */ = {
			isa = PBXGroup;
			children = (
				FD93E5F22035AFCC00FD5EC5 /* EWCBufferedPacket.h */,
				FD93E5F32035AFCC00FD5EC5 /* EWCDataHelper.h */,
				FD93E5F42035AFCC00FD5EC5 /* EWCAddressIpv4.h */,
				FD93E5F52035AFCC00FD5EC5 /* EWCUdpChannel.m */,
				FD93E5F62035AFCC00FD5EC5 /* EWCUdpChannel+EWCUdpChannelProtected.h */,
				FD93E5F72035AFCC00FD5EC5 /* EWCBufferedPacket.m */,
				FD93E5F82035AFCC00FD5EC5 /* EWCUdpChannel.h */,
				FD93E5F92035AFCC00FD5EC5 /* EWCAddressIpv4.m */,
			);
			path = Network;
			sourceTree = "<group>";
		};
		FD93E5FA2035AFCC00FD5EC5 /* Foundation */ = {
			isa = PBXGroup;
			children = (
				FD93E5FB2035AFCC00FD5EC5 /* EWCStringLimiter.m */,
				FD93E5FC2035AFCC00FD5EC5 /* EWCStringLimiter.h */,
			);
			path = Foundation;
			sourceTree = "<group>";
		};
		FD93E5FD2035AFCC00FD5EC5 /* Container */ = {
			isa = PBXGroup;
			children = (
				FD93E5FE2035AFCC00FD5EC5 /* EWCPair.m */,
				FD93E5FF2035AFCC00FD5EC5 /* EWCPair.h */,
			);
			path = Container;
			sourceTree = "<group>";
		};
		FD93E6002035AFCC00FD5EC5 /* CoreFoundation */ = {
			isa = PBXGroup;
			children = (
				FD93E6012035AFCC00FD5EC5 /* EWCCFTypeRef.h */,
				FD93E6022035AFCC00FD5EC5 /* EWCCFTypeRef.c */,
			);
			path = CoreFoundation;
			sourceTree = "<group>";
		};
		FDA5446C20341746001D0D0D /* ServiceLocatorTest */ = {
			isa = PBXGroup;
			children = (
				FDA5446D20341746001D0D0D /* AppDelegate.h */,
				FDA5446E20341746001D0D0D /* AppDelegate.m */,
				FDA5447020341746001D0D0D /* ViewController.h */,
				FDA5447120341746001D0D0D /* ViewController.m */,
				FDA5447320341746001D0D0D /* Assets.xcassets */,
				FDA5447820341746001D0D0D /* Info.plist */,
				FDA5447520341746001D0D0D /* Main.storyboard */,
				FDA5447920341746001D0D0D /* main.m */,
				FDA5447B20341746001D0D0D /* ServiceLocatorTest.entitlements */,
			);
			path = ServiceLocatorTest;
			sourceTree = "<group>";
		};
		FDBC29702035185D007B975D /* EWCCore */ = {
			isa = PBXGroup;
			children = (
				FDBC29AA20351A86007B975D /* Container */,
				FDBC29AD20351A86007B975D /* CoreFoundation */,
				FDBC29B020351A86007B975D /* Foundation */,
				FDBC29B320351A86007B975D /* Network */,
			);
			path = EWCCore;
			sourceTree = "<group>";
		};
		FDBC297D20351948007B975D /* EWCCoreIOS */ = {
			isa = PBXGroup;
			children = (
				FD93E5F02035AFCC00FD5EC5 /* EWCCore */,
			);
			path = EWCCoreIOS;
			sourceTree = "<group>";
		};
		FDBC29A220351A3A007B975D /* EWCServiceLocator */ = {
			isa = PBXGroup;
			children = (
				FD93E5C72035AD3900FD5EC5 /* Protocol */,
				FDBC29DA20351AA3007B975D /* EWCServiceRegistry.h */,
				FDBC29D820351AA3007B975D /* EWCServiceRegistry.m */,
				FDBC29DE20351AA3007B975D /* EWCServiceRegistryClient.h */,
				FDBC29C820351AA2007B975D /* EWCServiceRegistryClient.m */,
				FDBC29E120351AA3007B975D /* EWCServiceRegistryClientDelegate.h */,
			);
			path = EWCServiceLocator;
			sourceTree = "<group>";
		};
		FDBC29AA20351A86007B975D /* Container */ = {
			isa = PBXGroup;
			children = (
				FDBC29AB20351A86007B975D /* EWCPair.m */,
				FDBC29AC20351A86007B975D /* EWCPair.h */,
			);
			path = Container;
			sourceTree = "<group>";
		};
		FDBC29AD20351A86007B975D /* CoreFoundation */ = {
			isa = PBXGroup;
			children = (
				FDBC29AE20351A86007B975D /* EWCCFTypeRef.h */,
				FDBC29AF20351A86007B975D /* EWCCFTypeRef.c */,
			);
			path = CoreFoundation;
			sourceTree = "<group>";
		};
		FDBC29B020351A86007B975D /* Foundation */ = {
			isa = PBXGroup;
			children = (
				FDBC29B120351A86007B975D /* EWCStringLimiter.m */,
				FDBC29B220351A86007B975D /* EWCStringLimiter.h */,
			);
			path = Foundation;
			sourceTree = "<group>";
		};
		FDBC29B320351A86007B975D /* Network */ = {
			isa = PBXGroup;
			children = (
				FDBC29B420351A86007B975D /* EWCBufferedPacket.h */,
				FDBC29B520351A86007B975D /* EWCAddressIpv4.h */,
				FDBC29B620351A86007B975D /* EWCUdpChannel.m */,
				FDBC29B720351A86007B975D /* EWCUdpChannel+EWCUdpChannelProtected.h */,
				FDBC29B820351A86007B975D /* EWCBufferedPacket.m */,
				FDBC29B920351A86007B975D /* EWCUdpChannel.h */,
				FDBC29BA20351A86007B975D /* EWCAddressIpv4.m */,
				FDBC29DC20351AA3007B975D /* EWCDataHelper.h */,
			);
			path = Network;
			sourceTree = "<group>";
		};
		FDBC29CC20351AA3007B975D /* Packet */ = {
			isa = PBXGroup;
			children = (
				FDBC29DF20351AA3007B975D /* EWCServiceRegistryPacket.h */,
				FDBC29CD20351AA3007B975D /* EWCServiceRegistryRegisterRequest.h */,
				FDBC29D220351AA3007B975D /* EWCServiceRegistryRegisterRequest.m */,
				FDBC29D620351AA3007B975D /* EWCServiceRegistryLocationResponse.h */,
				FDBC29D020351AA3007B975D /* EWCServiceRegistryLocationResponse.m */,
				FDBC29D120351AA3007B975D /* EWCServiceRegistryAcknowledge.h */,
				FDBC29D520351AA3007B975D /* EWCServiceRegistryAcknowledge.m */,
				FDBC29CF20351AA3007B975D /* EWCServiceRegistryQueryRequest.h */,
				FDBC29D320351AA3007B975D /* EWCServiceRegistryQueryRequest.m */,
				FDBC29D420351AA3007B975D /* EWCServiceRegistryUnregisterRequest.h */,
				FDBC29CE20351AA3007B975D /* EWCServiceRegistryUnregisterRequest.m */,
			);
			path = Packet;
			sourceTree = "<group>";
		};
/* End PBXGroup section */

/* Begin PBXHeadersBuildPhase section */
		FD93E5B02035A55100FD5EC5 /* Headers */ = {
			isa = PBXHeadersBuildPhase;
			buildActionMask = 2147483647;
			files = (
				FD93E5C02035A87400FD5EC5 /* EWCScreencastProtocolHandler.h in Headers */,
				FD93E60C2036434700FD5EC5 /* EWCScreencastScreenRequest.h in Headers */,
				FD93E5C62035AB9C00FD5EC5 /* EWCScreencastPacket.h in Headers */,
				FD93E5B52035A55100FD5EC5 /* EWCScreencast.h in Headers */,
				FD93E5C32035A8B600FD5EC5 /* EWCScreencastProtocol.h in Headers */,
				FD93E61120364DBD00FD5EC5 /* EWCScreencastPrepareForData.h in Headers */,
			);
			runOnlyForDeploymentPostprocessing = 0;
		};
		FDBC296D2035185D007B975D /* Headers */ = {
			isa = PBXHeadersBuildPhase;
			buildActionMask = 2147483647;
			files = (
				FDBC29BC20351A86007B975D /* EWCPair.h in Headers */,
				FDBC29BD20351A86007B975D /* EWCCFTypeRef.h in Headers */,
				FDBC29C620351A86007B975D /* EWCUdpChannel.h in Headers */,
				FDBC29C220351A86007B975D /* EWCAddressIpv4.h in Headers */,
				FDBC29C020351A86007B975D /* EWCStringLimiter.h in Headers */,
				FDBC29C120351A86007B975D /* EWCBufferedPacket.h in Headers */,
				FDBC29C420351A86007B975D /* EWCUdpChannel+EWCUdpChannelProtected.h in Headers */,
			);
			runOnlyForDeploymentPostprocessing = 0;
		};
		FDBC299F20351A3A007B975D /* Headers */ = {
			isa = PBXHeadersBuildPhase;
			buildActionMask = 2147483647;
			files = (
				FDBC29E920351AA4007B975D /* EWCServiceRegistryRegisterRequest.h in Headers */,
				FDBC29E820351AA4007B975D /* EWCServiceRegistryProtocolOpcode.h in Headers */,
				FDBC29F020351AA4007B975D /* EWCServiceRegistryUnregisterRequest.h in Headers */,
				FDBC29F920351AA4007B975D /* EWCServiceRegistryClient.h in Headers */,
				FDBC29F520351AA4007B975D /* EWCServiceRegistry.h in Headers */,
				FDBC29F620351AA4007B975D /* EWCServiceRegistryProtocol.h in Headers */,
				FDBC29FB20351AA4007B975D /* EWCServiceRegistration.h in Headers */,
				FDBC29FA20351AA4007B975D /* EWCServiceRegistryPacket.h in Headers */,
				FDBC29ED20351AA4007B975D /* EWCServiceRegistryAcknowledge.h in Headers */,
				FDBC29EB20351AA4007B975D /* EWCServiceRegistryQueryRequest.h in Headers */,
				FDBC29F220351AA4007B975D /* EWCServiceRegistryLocationResponse.h in Headers */,
				FDBC29FE20351AA4007B975D /* EWCServiceRegistrationBridge.h in Headers */,
				FDBC29F420351AA4007B975D /* EWCServiceRegistryProtocolHandler.h in Headers */,
				FDBC29FC20351AA4007B975D /* EWCServiceRegistryClientDelegate.h in Headers */,
			);
			runOnlyForDeploymentPostprocessing = 0;
		};
/* End PBXHeadersBuildPhase section */

/* Begin PBXNativeTarget section */
		FD18639B2035065E00233413 /* ServiceLocatorApp */ = {
			isa = PBXNativeTarget;
			buildConfigurationList = FD1863AF2035065F00233413 /* Build configuration list for PBXNativeTarget "ServiceLocatorApp" */;
			buildPhases = (
				FD1863982035065E00233413 /* Sources */,
				FD1863992035065E00233413 /* Frameworks */,
				FD18639A2035065E00233413 /* Resources */,
			);
			buildRules = (
			);
			dependencies = (
				FD93E59420351CEC00FD5EC5 /* PBXTargetDependency */,
				FD93E59620351CEC00FD5EC5 /* PBXTargetDependency */,
			);
			name = ServiceLocatorApp;
			productName = ServiceLocatorApp;
			productReference = FD18639C2035065E00233413 /* ServiceLocatorApp.app */;
			productType = "com.apple.product-type.application";
		};
		FD92446B201F119200A5B093 /* ScreencastTests */ = {
			isa = PBXNativeTarget;
			buildConfigurationList = FD924483201F119200A5B093 /* Build configuration list for PBXNativeTarget "ScreencastTests" */;
			buildPhases = (
				FD924468201F119200A5B093 /* Sources */,
				FD924469201F119200A5B093 /* Frameworks */,
				FD92446A201F119200A5B093 /* Resources */,
			);
			buildRules = (
			);
			dependencies = (
			);
			name = ScreencastTests;
			productName = ScreencastTests;
			productReference = FD92446C201F119200A5B093 /* ScreencastTests.xctest */;
			productType = "com.apple.product-type.bundle.unit-test";
		};
		FD924476201F119200A5B093 /* ScreencastUITests */ = {
			isa = PBXNativeTarget;
			buildConfigurationList = FD924486201F119200A5B093 /* Build configuration list for PBXNativeTarget "ScreencastUITests" */;
			buildPhases = (
				FD924473201F119200A5B093 /* Sources */,
				FD924474201F119200A5B093 /* Frameworks */,
				FD924475201F119200A5B093 /* Resources */,
			);
			buildRules = (
			);
			dependencies = (
			);
			name = ScreencastUITests;
			productName = ScreencastUITests;
			productReference = FD924477201F119200A5B093 /* ScreencastUITests.xctest */;
			productType = "com.apple.product-type.bundle.ui-testing";
		};
		FD93E55820351BC400FD5EC5 /* EWCServiceLocatorIOS */ = {
			isa = PBXNativeTarget;
			buildConfigurationList = FD93E55F20351BC400FD5EC5 /* Build configuration list for PBXNativeTarget "EWCServiceLocatorIOS" */;
			buildPhases = (
				FD93E55520351BC400FD5EC5 /* Sources */,
				FD93E55620351BC400FD5EC5 /* Frameworks */,
				FD93E55720351BC400FD5EC5 /* CopyFiles */,
			);
			buildRules = (
			);
			dependencies = (
				FD93E58C20351C6700FD5EC5 /* PBXTargetDependency */,
			);
			name = EWCServiceLocatorIOS;
			productName = EWCServiceLocatorIOS;
			productReference = FD93E55920351BC400FD5EC5 /* libEWCServiceLocatorIOS.a */;
			productType = "com.apple.product-type.library.static";
		};
		FD93E5B12035A55100FD5EC5 /* EWCScreencast */ = {
			isa = PBXNativeTarget;
			buildConfigurationList = FD93E5B82035A55100FD5EC5 /* Build configuration list for PBXNativeTarget "EWCScreencast" */;
			buildPhases = (
				FD93E5AE2035A55100FD5EC5 /* Sources */,
				FD93E5AF2035A55100FD5EC5 /* Frameworks */,
				FD93E5B02035A55100FD5EC5 /* Headers */,
			);
			buildRules = (
			);
			dependencies = (
				FD93E5BE2035A7FE00FD5EC5 /* PBXTargetDependency */,
			);
			name = EWCScreencast;
			productName = EWCScreencat;
			productReference = FD93E5B22035A55100FD5EC5 /* libEWCScreencast.a */;
			productType = "com.apple.product-type.library.static";
		};
		FDA5446A20341746001D0D0D /* ServiceLocatorTest */ = {
			isa = PBXNativeTarget;
			buildConfigurationList = FDA5447C20341746001D0D0D /* Build configuration list for PBXNativeTarget "ServiceLocatorTest" */;
			buildPhases = (
				FDA5446720341746001D0D0D /* Sources */,
				FDA5446820341746001D0D0D /* Frameworks */,
				FDA5446920341746001D0D0D /* Resources */,
			);
			buildRules = (
			);
			dependencies = (
				FD93E58E20351C9700FD5EC5 /* PBXTargetDependency */,
				FD93E59020351C9700FD5EC5 /* PBXTargetDependency */,
			);
			name = ServiceLocatorTest;
			productName = ServiceLocatorTest;
			productReference = FDA5446B20341746001D0D0D /* ServiceLocatorTest.app */;
			productType = "com.apple.product-type.application";
		};
		FDBC296E2035185D007B975D /* EWCCore */ = {
			isa = PBXNativeTarget;
			buildConfigurationList = FDBC29752035185D007B975D /* Build configuration list for PBXNativeTarget "EWCCore" */;
			buildPhases = (
				FDBC296B2035185D007B975D /* Sources */,
				FDBC296C2035185D007B975D /* Frameworks */,
				FDBC296D2035185D007B975D /* Headers */,
			);
			buildRules = (
			);
			dependencies = (
			);
			name = EWCCore;
			productName = EWCCore;
			productReference = FDBC296F2035185D007B975D /* libEWCCore.a */;
			productType = "com.apple.product-type.library.static";
		};
		FDBC297B20351948007B975D /* EWCCoreIOS */ = {
			isa = PBXNativeTarget;
			buildConfigurationList = FDBC298220351948007B975D /* Build configuration list for PBXNativeTarget "EWCCoreIOS" */;
			buildPhases = (
				FDBC297820351948007B975D /* Sources */,
				FDBC297920351948007B975D /* Frameworks */,
				FDBC297A20351948007B975D /* CopyFiles */,
			);
			buildRules = (
			);
			dependencies = (
			);
			name = EWCCoreIOS;
			productName = EWCCoreIOS;
			productReference = FDBC297C20351948007B975D /* libEWCCoreIOS.a */;
			productType = "com.apple.product-type.library.static";
		};
		FDBC29A020351A3A007B975D /* EWCServiceLocator */ = {
			isa = PBXNativeTarget;
			buildConfigurationList = FDBC29A720351A3A007B975D /* Build configuration list for PBXNativeTarget "EWCServiceLocator" */;
			buildPhases = (
				FDBC299D20351A3A007B975D /* Sources */,
				FDBC299E20351A3A007B975D /* Frameworks */,
				FDBC299F20351A3A007B975D /* Headers */,
			);
			buildRules = (
			);
			dependencies = (
			);
			name = EWCServiceLocator;
			productName = EWCServiceLocator;
			productReference = FDBC29A120351A3A007B975D /* libEWCServiceLocator.a */;
			productType = "com.apple.product-type.library.static";
		};
/* End PBXNativeTarget section */

/* Begin PBXProject section */
		FD92444E201F119100A5B093 /* Project object */ = {
			isa = PBXProject;
			attributes = {
				LastUpgradeCheck = 0920;
				ORGANIZATIONNAME = "Ansel Rognlie";
				TargetAttributes = {
					FD18639B2035065E00233413 = {
						CreatedOnToolsVersion = 9.2;
						ProvisioningStyle = Automatic;
					};
					FD92446B201F119200A5B093 = {
						CreatedOnToolsVersion = 9.2;
						ProvisioningStyle = Automatic;
						TestTargetID = FD924455201F119100A5B093;
					};
					FD924476201F119200A5B093 = {
						CreatedOnToolsVersion = 9.2;
						ProvisioningStyle = Automatic;
						TestTargetID = FD924455201F119100A5B093;
					};
					FD93E55820351BC400FD5EC5 = {
						CreatedOnToolsVersion = 9.2;
						ProvisioningStyle = Automatic;
					};
					FD93E5B12035A55100FD5EC5 = {
						CreatedOnToolsVersion = 9.2;
						ProvisioningStyle = Automatic;
					};
					FDA5446A20341746001D0D0D = {
						CreatedOnToolsVersion = 9.2;
						ProvisioningStyle = Automatic;
					};
					FDBC296E2035185D007B975D = {
						CreatedOnToolsVersion = 9.2;
						ProvisioningStyle = Automatic;
					};
					FDBC297B20351948007B975D = {
						CreatedOnToolsVersion = 9.2;
						ProvisioningStyle = Automatic;
					};
					FDBC29A020351A3A007B975D = {
						CreatedOnToolsVersion = 9.2;
						ProvisioningStyle = Automatic;
					};
				};
			};
			buildConfigurationList = FD924451201F119100A5B093 /* Build configuration list for PBXProject "Screencast" */;
			compatibilityVersion = "Xcode 8.0";
			developmentRegion = en;
			hasScannedForEncodings = 0;
			knownRegions = (
				en,
				Base,
			);
			mainGroup = FD92444D201F119100A5B093;
			productRefGroup = FD924457201F119100A5B093 /* Products */;
			projectDirPath = "";
			projectRoot = "";
			targets = (
				FD92446B201F119200A5B093 /* ScreencastTests */,
				FD924476201F119200A5B093 /* ScreencastUITests */,
				FDA5446A20341746001D0D0D /* ServiceLocatorTest */,
				FD18639B2035065E00233413 /* ServiceLocatorApp */,
				FDBC296E2035185D007B975D /* EWCCore */,
				FDBC297B20351948007B975D /* EWCCoreIOS */,
				FDBC29A020351A3A007B975D /* EWCServiceLocator */,
				FD93E55820351BC400FD5EC5 /* EWCServiceLocatorIOS */,
				FD93E5B12035A55100FD5EC5 /* EWCScreencast */,
			);
		};
/* End PBXProject section */

/* Begin PBXResourcesBuildPhase section */
		FD18639A2035065E00233413 /* Resources */ = {
			isa = PBXResourcesBuildPhase;
			buildActionMask = 2147483647;
			files = (
				FD1863AB2035065F00233413 /* LaunchScreen.storyboard in Resources */,
				FD1863A82035065F00233413 /* Assets.xcassets in Resources */,
				FD1863A62035065F00233413 /* Main.storyboard in Resources */,
			);
			runOnlyForDeploymentPostprocessing = 0;
		};
		FD92446A201F119200A5B093 /* Resources */ = {
			isa = PBXResourcesBuildPhase;
			buildActionMask = 2147483647;
			files = (
			);
			runOnlyForDeploymentPostprocessing = 0;
		};
		FD924475201F119200A5B093 /* Resources */ = {
			isa = PBXResourcesBuildPhase;
			buildActionMask = 2147483647;
			files = (
			);
			runOnlyForDeploymentPostprocessing = 0;
		};
		FDA5446920341746001D0D0D /* Resources */ = {
			isa = PBXResourcesBuildPhase;
			buildActionMask = 2147483647;
			files = (
				FDA5447420341746001D0D0D /* Assets.xcassets in Resources */,
				FDA5447720341746001D0D0D /* Main.storyboard in Resources */,
			);
			runOnlyForDeploymentPostprocessing = 0;
		};
/* End PBXResourcesBuildPhase section */

/* Begin PBXSourcesBuildPhase section */
		FD1863982035065E00233413 /* Sources */ = {
			isa = PBXSourcesBuildPhase;
			buildActionMask = 2147483647;
			files = (
				FD1863A32035065F00233413 /* ViewController.m in Sources */,
				FD1863AE2035065F00233413 /* main.m in Sources */,
				FD1863A02035065F00233413 /* AppDelegate.m in Sources */,
			);
			runOnlyForDeploymentPostprocessing = 0;
		};
		FD924468201F119200A5B093 /* Sources */ = {
			isa = PBXSourcesBuildPhase;
			buildActionMask = 2147483647;
			files = (
				FD924471201F119200A5B093 /* ScreencastTests.m in Sources */,
			);
			runOnlyForDeploymentPostprocessing = 0;
		};
		FD924473201F119200A5B093 /* Sources */ = {
			isa = PBXSourcesBuildPhase;
			buildActionMask = 2147483647;
			files = (
				FD92447C201F119200A5B093 /* ScreencastUITests.m in Sources */,
			);
			runOnlyForDeploymentPostprocessing = 0;
		};
		FD93E55520351BC400FD5EC5 /* Sources */ = {
			isa = PBXSourcesBuildPhase;
			buildActionMask = 2147483647;
			files = (
				FD93E5EA2035AFA300FD5EC5 /* EWCServiceRegistryLocationResponse.m in Sources */,
				FD93E5EB2035AFA300FD5EC5 /* EWCServiceRegistryRegisterRequest.m in Sources */,
				FD93E5E62035AFA300FD5EC5 /* EWCServiceRegistry.m in Sources */,
				FD93E5E82035AFA300FD5EC5 /* EWCServiceRegistration.m in Sources */,
				FD93E5E92035AFA300FD5EC5 /* EWCServiceRegistryUnregisterRequest.m in Sources */,
				FD93E5EF2035AFA300FD5EC5 /* EWCServiceRegistryClient.m in Sources */,
				FD93E5E72035AFA300FD5EC5 /* EWCServiceRegistrationBridge.m in Sources */,
				FD93E5EC2035AFA300FD5EC5 /* EWCServiceRegistryQueryRequest.m in Sources */,
				FD93E5ED2035AFA300FD5EC5 /* EWCServiceRegistryAcknowledge.m in Sources */,
				FD93E5EE2035AFA300FD5EC5 /* EWCServiceRegistryProtocol.m in Sources */,
			);
			runOnlyForDeploymentPostprocessing = 0;
		};
		FD93E5AE2035A55100FD5EC5 /* Sources */ = {
			isa = PBXSourcesBuildPhase;
			buildActionMask = 2147483647;
			files = (
				FD93E5C42035A8B600FD5EC5 /* EWCScreencastProtocol.m in Sources */,
				FD93E5B72035A55100FD5EC5 /* EWCScreencast.m in Sources */,
				FD93E61220364DBD00FD5EC5 /* EWCScreencastPrepareForData.m in Sources */,
				FD93E60D2036434700FD5EC5 /* EWCScreencastScreenRequest.m in Sources */,
			);
			runOnlyForDeploymentPostprocessing = 0;
		};
		FDA5446720341746001D0D0D /* Sources */ = {
			isa = PBXSourcesBuildPhase;
			buildActionMask = 2147483647;
			files = (
				FDA5447220341746001D0D0D /* ViewController.m in Sources */,
				FDA5447A20341746001D0D0D /* main.m in Sources */,
				FDA5446F20341746001D0D0D /* AppDelegate.m in Sources */,
			);
			runOnlyForDeploymentPostprocessing = 0;
		};
		FDBC296B2035185D007B975D /* Sources */ = {
			isa = PBXSourcesBuildPhase;
			buildActionMask = 2147483647;
			files = (
				FDBC29BF20351A86007B975D /* EWCStringLimiter.m in Sources */,
				FDBC29C720351A86007B975D /* EWCAddressIpv4.m in Sources */,
				FDBC29BE20351A86007B975D /* EWCCFTypeRef.c in Sources */,
				FDBC29C520351A86007B975D /* EWCBufferedPacket.m in Sources */,
				FDBC29BB20351A86007B975D /* EWCPair.m in Sources */,
				FDBC29C320351A86007B975D /* EWCUdpChannel.m in Sources */,
			);
			runOnlyForDeploymentPostprocessing = 0;
		};
		FDBC297820351948007B975D /* Sources */ = {
			isa = PBXSourcesBuildPhase;
			buildActionMask = 2147483647;
			files = (
				FD93E6042035AFCC00FD5EC5 /* EWCBufferedPacket.m in Sources */,
				FD93E6062035AFCC00FD5EC5 /* EWCStringLimiter.m in Sources */,
				FD93E6072035AFCC00FD5EC5 /* EWCPair.m in Sources */,
				FD93E6052035AFCC00FD5EC5 /* EWCAddressIpv4.m in Sources */,
				FD93E6082035AFCC00FD5EC5 /* EWCCFTypeRef.c in Sources */,
				FD93E6032035AFCC00FD5EC5 /* EWCUdpChannel.m in Sources */,
			);
			runOnlyForDeploymentPostprocessing = 0;
		};
		FDBC299D20351A3A007B975D /* Sources */ = {
			isa = PBXSourcesBuildPhase;
			buildActionMask = 2147483647;
			files = (
				FD93E5A420353FB800FD5EC5 /* EWCServiceRegistryRegisterRequest.m in Sources */,
				FD93E5A520353FB800FD5EC5 /* EWCServiceRegistryLocationResponse.m in Sources */,
				FD93E5A620353FB800FD5EC5 /* EWCServiceRegistryAcknowledge.m in Sources */,
				FD93E5A720353FB800FD5EC5 /* EWCServiceRegistryQueryRequest.m in Sources */,
				FD93E5A820353FB800FD5EC5 /* EWCServiceRegistryUnregisterRequest.m in Sources */,
				FD93E5A920353FB800FD5EC5 /* EWCServiceRegistration.m in Sources */,
				FD93E5AA20353FB800FD5EC5 /* EWCServiceRegistrationBridge.m in Sources */,
				FD93E5AB20353FB800FD5EC5 /* EWCServiceRegistry.m in Sources */,
				FD93E5AC20353FB800FD5EC5 /* EWCServiceRegistryClient.m in Sources */,
				FD93E5AD20353FB800FD5EC5 /* EWCServiceRegistryProtocol.m in Sources */,
			);
			runOnlyForDeploymentPostprocessing = 0;
		};
/* End PBXSourcesBuildPhase section */

/* Begin PBXTargetDependency section */
		FD93E58C20351C6700FD5EC5 /* PBXTargetDependency */ = {
			isa = PBXTargetDependency;
			target = FDBC297B20351948007B975D /* EWCCoreIOS */;
			targetProxy = FD93E58B20351C6700FD5EC5 /* PBXContainerItemProxy */;
		};
		FD93E58E20351C9700FD5EC5 /* PBXTargetDependency */ = {
			isa = PBXTargetDependency;
			target = FDBC296E2035185D007B975D /* EWCCore */;
			targetProxy = FD93E58D20351C9700FD5EC5 /* PBXContainerItemProxy */;
		};
		FD93E59020351C9700FD5EC5 /* PBXTargetDependency */ = {
			isa = PBXTargetDependency;
			target = FDBC29A020351A3A007B975D /* EWCServiceLocator */;
			targetProxy = FD93E58F20351C9700FD5EC5 /* PBXContainerItemProxy */;
		};
		FD93E59420351CEC00FD5EC5 /* PBXTargetDependency */ = {
			isa = PBXTargetDependency;
			target = FDBC297B20351948007B975D /* EWCCoreIOS */;
			targetProxy = FD93E59320351CEC00FD5EC5 /* PBXContainerItemProxy */;
		};
		FD93E59620351CEC00FD5EC5 /* PBXTargetDependency */ = {
			isa = PBXTargetDependency;
			target = FD93E55820351BC400FD5EC5 /* EWCServiceLocatorIOS */;
			targetProxy = FD93E59520351CEC00FD5EC5 /* PBXContainerItemProxy */;
		};
		FD93E5BE2035A7FE00FD5EC5 /* PBXTargetDependency */ = {
			isa = PBXTargetDependency;
			target = FDBC296E2035185D007B975D /* EWCCore */;
			targetProxy = FD93E5BD2035A7FE00FD5EC5 /* PBXContainerItemProxy */;
		};
/* End PBXTargetDependency section */

/* Begin PBXVariantGroup section */
		FD1863A42035065F00233413 /* Main.storyboard */ = {
			isa = PBXVariantGroup;
			children = (
				FD1863A52035065F00233413 /* Base */,
			);
			name = Main.storyboard;
			sourceTree = "<group>";
		};
		FD1863A92035065F00233413 /* LaunchScreen.storyboard */ = {
			isa = PBXVariantGroup;
			children = (
				FD1863AA2035065F00233413 /* Base */,
			);
			name = LaunchScreen.storyboard;
			sourceTree = "<group>";
		};
		FDA5447520341746001D0D0D /* Main.storyboard */ = {
			isa = PBXVariantGroup;
			children = (
				FDA5447620341746001D0D0D /* Base */,
			);
			name = Main.storyboard;
			sourceTree = "<group>";
		};
/* End PBXVariantGroup section */

/* Begin XCBuildConfiguration section */
		FD1863B02035065F00233413 /* Debug */ = {
			isa = XCBuildConfiguration;
			buildSettings = {
				ASSETCATALOG_COMPILER_APPICON_NAME = AppIcon;
				CODE_SIGN_IDENTITY = "iPhone Developer";
				CODE_SIGN_STYLE = Automatic;
				DEVELOPMENT_TEAM = RU9C9DUDK9;
				INFOPLIST_FILE = ServiceLocatorApp/Info.plist;
				IPHONEOS_DEPLOYMENT_TARGET = 11.2;
				LD_RUNPATH_SEARCH_PATHS = "$(inherited) @executable_path/Frameworks";
				PRODUCT_BUNDLE_IDENTIFIER = com.ebbyware.ServiceLocatorApp;
				PRODUCT_NAME = "$(TARGET_NAME)";
				SDKROOT = iphoneos;
				TARGETED_DEVICE_FAMILY = "1,2";
				USER_HEADER_SEARCH_PATHS = .;
			};
			name = Debug;
		};
		FD1863B12035065F00233413 /* Release */ = {
			isa = XCBuildConfiguration;
			buildSettings = {
				ASSETCATALOG_COMPILER_APPICON_NAME = AppIcon;
				CODE_SIGN_IDENTITY = "iPhone Developer";
				CODE_SIGN_STYLE = Automatic;
				DEVELOPMENT_TEAM = RU9C9DUDK9;
				INFOPLIST_FILE = ServiceLocatorApp/Info.plist;
				IPHONEOS_DEPLOYMENT_TARGET = 11.2;
				LD_RUNPATH_SEARCH_PATHS = "$(inherited) @executable_path/Frameworks";
				PRODUCT_BUNDLE_IDENTIFIER = com.ebbyware.ServiceLocatorApp;
				PRODUCT_NAME = "$(TARGET_NAME)";
				SDKROOT = iphoneos;
				TARGETED_DEVICE_FAMILY = "1,2";
				USER_HEADER_SEARCH_PATHS = .;
				VALIDATE_PRODUCT = YES;
			};
			name = Release;
		};
		FD92447E201F119200A5B093 /* Debug */ = {
			isa = XCBuildConfiguration;
			buildSettings = {
				ALWAYS_SEARCH_USER_PATHS = NO;
				CLANG_ANALYZER_NONNULL = YES;
				CLANG_ANALYZER_NUMBER_OBJECT_CONVERSION = YES_AGGRESSIVE;
				CLANG_CXX_LANGUAGE_STANDARD = "gnu++14";
				CLANG_CXX_LIBRARY = "libc++";
				CLANG_ENABLE_MODULES = YES;
				CLANG_ENABLE_OBJC_ARC = YES;
				CLANG_WARN_BLOCK_CAPTURE_AUTORELEASING = YES;
				CLANG_WARN_BOOL_CONVERSION = YES;
				CLANG_WARN_COMMA = YES;
				CLANG_WARN_CONSTANT_CONVERSION = YES;
				CLANG_WARN_DIRECT_OBJC_ISA_USAGE = YES_ERROR;
				CLANG_WARN_DOCUMENTATION_COMMENTS = YES;
				CLANG_WARN_EMPTY_BODY = YES;
				CLANG_WARN_ENUM_CONVERSION = YES;
				CLANG_WARN_INFINITE_RECURSION = YES;
				CLANG_WARN_INT_CONVERSION = YES;
				CLANG_WARN_NON_LITERAL_NULL_CONVERSION = YES;
				CLANG_WARN_OBJC_LITERAL_CONVERSION = YES;
				CLANG_WARN_OBJC_ROOT_CLASS = YES_ERROR;
				CLANG_WARN_RANGE_LOOP_ANALYSIS = YES;
				CLANG_WARN_STRICT_PROTOTYPES = YES;
				CLANG_WARN_SUSPICIOUS_MOVE = YES;
				CLANG_WARN_UNGUARDED_AVAILABILITY = YES_AGGRESSIVE;
				CLANG_WARN_UNREACHABLE_CODE = YES;
				CLANG_WARN__DUPLICATE_METHOD_MATCH = YES;
				CODE_SIGN_IDENTITY = "Mac Developer";
				COPY_PHASE_STRIP = NO;
				DEBUG_INFORMATION_FORMAT = dwarf;
				ENABLE_STRICT_OBJC_MSGSEND = YES;
				ENABLE_TESTABILITY = YES;
				GCC_C_LANGUAGE_STANDARD = gnu11;
				GCC_DYNAMIC_NO_PIC = NO;
				GCC_NO_COMMON_BLOCKS = YES;
				GCC_OPTIMIZATION_LEVEL = 0;
				GCC_PREPROCESSOR_DEFINITIONS = (
					"DEBUG=1",
					"$(inherited)",
				);
				GCC_WARN_64_TO_32_BIT_CONVERSION = YES;
				GCC_WARN_ABOUT_RETURN_TYPE = YES_ERROR;
				GCC_WARN_UNDECLARED_SELECTOR = YES;
				GCC_WARN_UNINITIALIZED_AUTOS = YES_AGGRESSIVE;
				GCC_WARN_UNUSED_FUNCTION = YES;
				GCC_WARN_UNUSED_VARIABLE = YES;
				MACOSX_DEPLOYMENT_TARGET = 10.13;
				MTL_ENABLE_DEBUG_INFO = YES;
				ONLY_ACTIVE_ARCH = YES;
				SDKROOT = macosx;
			};
			name = Debug;
		};
		FD92447F201F119200A5B093 /* Release */ = {
			isa = XCBuildConfiguration;
			buildSettings = {
				ALWAYS_SEARCH_USER_PATHS = NO;
				CLANG_ANALYZER_NONNULL = YES;
				CLANG_ANALYZER_NUMBER_OBJECT_CONVERSION = YES_AGGRESSIVE;
				CLANG_CXX_LANGUAGE_STANDARD = "gnu++14";
				CLANG_CXX_LIBRARY = "libc++";
				CLANG_ENABLE_MODULES = YES;
				CLANG_ENABLE_OBJC_ARC = YES;
				CLANG_WARN_BLOCK_CAPTURE_AUTORELEASING = YES;
				CLANG_WARN_BOOL_CONVERSION = YES;
				CLANG_WARN_COMMA = YES;
				CLANG_WARN_CONSTANT_CONVERSION = YES;
				CLANG_WARN_DIRECT_OBJC_ISA_USAGE = YES_ERROR;
				CLANG_WARN_DOCUMENTATION_COMMENTS = YES;
				CLANG_WARN_EMPTY_BODY = YES;
				CLANG_WARN_ENUM_CONVERSION = YES;
				CLANG_WARN_INFINITE_RECURSION = YES;
				CLANG_WARN_INT_CONVERSION = YES;
				CLANG_WARN_NON_LITERAL_NULL_CONVERSION = YES;
				CLANG_WARN_OBJC_LITERAL_CONVERSION = YES;
				CLANG_WARN_OBJC_ROOT_CLASS = YES_ERROR;
				CLANG_WARN_RANGE_LOOP_ANALYSIS = YES;
				CLANG_WARN_STRICT_PROTOTYPES = YES;
				CLANG_WARN_SUSPICIOUS_MOVE = YES;
				CLANG_WARN_UNGUARDED_AVAILABILITY = YES_AGGRESSIVE;
				CLANG_WARN_UNREACHABLE_CODE = YES;
				CLANG_WARN__DUPLICATE_METHOD_MATCH = YES;
				CODE_SIGN_IDENTITY = "Mac Developer";
				COPY_PHASE_STRIP = NO;
				DEBUG_INFORMATION_FORMAT = "dwarf-with-dsym";
				ENABLE_NS_ASSERTIONS = NO;
				ENABLE_STRICT_OBJC_MSGSEND = YES;
				GCC_C_LANGUAGE_STANDARD = gnu11;
				GCC_NO_COMMON_BLOCKS = YES;
				GCC_WARN_64_TO_32_BIT_CONVERSION = YES;
				GCC_WARN_ABOUT_RETURN_TYPE = YES_ERROR;
				GCC_WARN_UNDECLARED_SELECTOR = YES;
				GCC_WARN_UNINITIALIZED_AUTOS = YES_AGGRESSIVE;
				GCC_WARN_UNUSED_FUNCTION = YES;
				GCC_WARN_UNUSED_VARIABLE = YES;
				MACOSX_DEPLOYMENT_TARGET = 10.13;
				MTL_ENABLE_DEBUG_INFO = NO;
				SDKROOT = macosx;
			};
			name = Release;
		};
		FD924484201F119200A5B093 /* Debug */ = {
			isa = XCBuildConfiguration;
			buildSettings = {
				BUNDLE_LOADER = "$(TEST_HOST)";
				CODE_SIGN_STYLE = Automatic;
				COMBINE_HIDPI_IMAGES = YES;
				DEVELOPMENT_TEAM = RU9C9DUDK9;
				INFOPLIST_FILE = ScreencastTests/Info.plist;
				LD_RUNPATH_SEARCH_PATHS = "$(inherited) @executable_path/../Frameworks @loader_path/../Frameworks";
				PRODUCT_BUNDLE_IDENTIFIER = com.ebbyware.ScreencastTests;
				PRODUCT_NAME = "$(TARGET_NAME)";
				TEST_HOST = "$(BUILT_PRODUCTS_DIR)/Screencast.app/Contents/MacOS/Screencast";
			};
			name = Debug;
		};
		FD924485201F119200A5B093 /* Release */ = {
			isa = XCBuildConfiguration;
			buildSettings = {
				BUNDLE_LOADER = "$(TEST_HOST)";
				CODE_SIGN_STYLE = Automatic;
				COMBINE_HIDPI_IMAGES = YES;
				DEVELOPMENT_TEAM = RU9C9DUDK9;
				INFOPLIST_FILE = ScreencastTests/Info.plist;
				LD_RUNPATH_SEARCH_PATHS = "$(inherited) @executable_path/../Frameworks @loader_path/../Frameworks";
				PRODUCT_BUNDLE_IDENTIFIER = com.ebbyware.ScreencastTests;
				PRODUCT_NAME = "$(TARGET_NAME)";
				TEST_HOST = "$(BUILT_PRODUCTS_DIR)/Screencast.app/Contents/MacOS/Screencast";
			};
			name = Release;
		};
		FD924487201F119200A5B093 /* Debug */ = {
			isa = XCBuildConfiguration;
			buildSettings = {
				CODE_SIGN_STYLE = Automatic;
				COMBINE_HIDPI_IMAGES = YES;
				DEVELOPMENT_TEAM = RU9C9DUDK9;
				INFOPLIST_FILE = ScreencastUITests/Info.plist;
				LD_RUNPATH_SEARCH_PATHS = "$(inherited) @executable_path/../Frameworks @loader_path/../Frameworks";
				PRODUCT_BUNDLE_IDENTIFIER = com.ebbyware.ScreencastUITests;
				PRODUCT_NAME = "$(TARGET_NAME)";
				TEST_TARGET_NAME = Screencast;
			};
			name = Debug;
		};
		FD924488201F119200A5B093 /* Release */ = {
			isa = XCBuildConfiguration;
			buildSettings = {
				CODE_SIGN_STYLE = Automatic;
				COMBINE_HIDPI_IMAGES = YES;
				DEVELOPMENT_TEAM = RU9C9DUDK9;
				INFOPLIST_FILE = ScreencastUITests/Info.plist;
				LD_RUNPATH_SEARCH_PATHS = "$(inherited) @executable_path/../Frameworks @loader_path/../Frameworks";
				PRODUCT_BUNDLE_IDENTIFIER = com.ebbyware.ScreencastUITests;
				PRODUCT_NAME = "$(TARGET_NAME)";
				TEST_TARGET_NAME = Screencast;
			};
			name = Release;
		};
		FD93E56020351BC400FD5EC5 /* Debug */ = {
			isa = XCBuildConfiguration;
			buildSettings = {
				CODE_SIGN_IDENTITY = "iPhone Developer";
				CODE_SIGN_STYLE = Automatic;
				DEVELOPMENT_TEAM = RU9C9DUDK9;
				IPHONEOS_DEPLOYMENT_TARGET = 11.2;
				OTHER_LDFLAGS = "-ObjC";
				PRODUCT_NAME = "$(TARGET_NAME)";
				SDKROOT = iphoneos;
				SKIP_INSTALL = YES;
				TARGETED_DEVICE_FAMILY = "1,2";
				USER_HEADER_SEARCH_PATHS = .;
			};
			name = Debug;
		};
		FD93E56120351BC400FD5EC5 /* Release */ = {
			isa = XCBuildConfiguration;
			buildSettings = {
				CODE_SIGN_IDENTITY = "iPhone Developer";
				CODE_SIGN_STYLE = Automatic;
				DEVELOPMENT_TEAM = RU9C9DUDK9;
				IPHONEOS_DEPLOYMENT_TARGET = 11.2;
				OTHER_LDFLAGS = "-ObjC";
				PRODUCT_NAME = "$(TARGET_NAME)";
				SDKROOT = iphoneos;
				SKIP_INSTALL = YES;
				TARGETED_DEVICE_FAMILY = "1,2";
				USER_HEADER_SEARCH_PATHS = .;
				VALIDATE_PRODUCT = YES;
			};
			name = Release;
		};
		FD93E5B92035A55100FD5EC5 /* Debug */ = {
			isa = XCBuildConfiguration;
			buildSettings = {
				CODE_SIGN_STYLE = Automatic;
				DEVELOPMENT_TEAM = RU9C9DUDK9;
				EXECUTABLE_PREFIX = lib;
				PRODUCT_NAME = "$(TARGET_NAME)";
				USER_HEADER_SEARCH_PATHS = .;
			};
			name = Debug;
		};
		FD93E5BA2035A55100FD5EC5 /* Release */ = {
			isa = XCBuildConfiguration;
			buildSettings = {
				CODE_SIGN_STYLE = Automatic;
				DEVELOPMENT_TEAM = RU9C9DUDK9;
				EXECUTABLE_PREFIX = lib;
				PRODUCT_NAME = "$(TARGET_NAME)";
				USER_HEADER_SEARCH_PATHS = .;
			};
			name = Release;
		};
		FDA5447D20341746001D0D0D /* Debug */ = {
			isa = XCBuildConfiguration;
			buildSettings = {
				ASSETCATALOG_COMPILER_APPICON_NAME = AppIcon;
				CODE_SIGN_ENTITLEMENTS = ServiceLocatorTest/ServiceLocatorTest.entitlements;
				CODE_SIGN_STYLE = Automatic;
				COMBINE_HIDPI_IMAGES = YES;
				DEVELOPMENT_TEAM = RU9C9DUDK9;
				HEADER_SEARCH_PATHS = "";
				INFOPLIST_FILE = ServiceLocatorTest/Info.plist;
				LD_RUNPATH_SEARCH_PATHS = "$(inherited) @executable_path/../Frameworks";
				PRODUCT_BUNDLE_IDENTIFIER = com.ebbyware.ServiceLocatorTest;
				PRODUCT_NAME = "$(TARGET_NAME)";
				USER_HEADER_SEARCH_PATHS = .;
			};
			name = Debug;
		};
		FDA5447E20341746001D0D0D /* Release */ = {
			isa = XCBuildConfiguration;
			buildSettings = {
				ASSETCATALOG_COMPILER_APPICON_NAME = AppIcon;
				CODE_SIGN_ENTITLEMENTS = ServiceLocatorTest/ServiceLocatorTest.entitlements;
				CODE_SIGN_STYLE = Automatic;
				COMBINE_HIDPI_IMAGES = YES;
				DEVELOPMENT_TEAM = RU9C9DUDK9;
				HEADER_SEARCH_PATHS = "";
				INFOPLIST_FILE = ServiceLocatorTest/Info.plist;
				LD_RUNPATH_SEARCH_PATHS = "$(inherited) @executable_path/../Frameworks";
				PRODUCT_BUNDLE_IDENTIFIER = com.ebbyware.ServiceLocatorTest;
				PRODUCT_NAME = "$(TARGET_NAME)";
				USER_HEADER_SEARCH_PATHS = .;
			};
			name = Release;
		};
		FDBC29762035185D007B975D /* Debug */ = {
			isa = XCBuildConfiguration;
			buildSettings = {
				CODE_SIGN_STYLE = Automatic;
				DEVELOPMENT_TEAM = RU9C9DUDK9;
				EXECUTABLE_PREFIX = lib;
				PRODUCT_NAME = "$(TARGET_NAME)";
			};
			name = Debug;
		};
		FDBC29772035185D007B975D /* Release */ = {
			isa = XCBuildConfiguration;
			buildSettings = {
				CODE_SIGN_STYLE = Automatic;
				DEVELOPMENT_TEAM = RU9C9DUDK9;
				EXECUTABLE_PREFIX = lib;
				PRODUCT_NAME = "$(TARGET_NAME)";
			};
			name = Release;
		};
		FDBC298320351948007B975D /* Debug */ = {
			isa = XCBuildConfiguration;
			buildSettings = {
				CODE_SIGN_IDENTITY = "iPhone Developer";
				CODE_SIGN_STYLE = Automatic;
				DEVELOPMENT_TEAM = RU9C9DUDK9;
				IPHONEOS_DEPLOYMENT_TARGET = 11.2;
				OTHER_LDFLAGS = "-ObjC";
				PRODUCT_NAME = "$(TARGET_NAME)";
				SDKROOT = iphoneos;
				SKIP_INSTALL = YES;
				TARGETED_DEVICE_FAMILY = "1,2";
			};
			name = Debug;
		};
		FDBC298420351948007B975D /* Release */ = {
			isa = XCBuildConfiguration;
			buildSettings = {
				CODE_SIGN_IDENTITY = "iPhone Developer";
				CODE_SIGN_STYLE = Automatic;
				DEVELOPMENT_TEAM = RU9C9DUDK9;
				IPHONEOS_DEPLOYMENT_TARGET = 11.2;
				OTHER_LDFLAGS = "-ObjC";
				PRODUCT_NAME = "$(TARGET_NAME)";
				SDKROOT = iphoneos;
				SKIP_INSTALL = YES;
				TARGETED_DEVICE_FAMILY = "1,2";
				VALIDATE_PRODUCT = YES;
			};
			name = Release;
		};
		FDBC29A820351A3A007B975D /* Debug */ = {
			isa = XCBuildConfiguration;
			buildSettings = {
				CODE_SIGN_STYLE = Automatic;
				DEVELOPMENT_TEAM = RU9C9DUDK9;
				EXECUTABLE_PREFIX = lib;
				PRODUCT_NAME = "$(TARGET_NAME)";
				USER_HEADER_SEARCH_PATHS = .;
			};
			name = Debug;
		};
		FDBC29A920351A3A007B975D /* Release */ = {
			isa = XCBuildConfiguration;
			buildSettings = {
				CODE_SIGN_STYLE = Automatic;
				DEVELOPMENT_TEAM = RU9C9DUDK9;
				EXECUTABLE_PREFIX = lib;
				PRODUCT_NAME = "$(TARGET_NAME)";
				USER_HEADER_SEARCH_PATHS = .;
			};
			name = Release;
		};
/* End XCBuildConfiguration section */

/* Begin XCConfigurationList section */
		FD1863AF2035065F00233413 /* Build configuration list for PBXNativeTarget "ServiceLocatorApp" */ = {
			isa = XCConfigurationList;
			buildConfigurations = (
				FD1863B02035065F00233413 /* Debug */,
				FD1863B12035065F00233413 /* Release */,
			);
			defaultConfigurationIsVisible = 0;
			defaultConfigurationName = Release;
		};
		FD924451201F119100A5B093 /* Build configuration list for PBXProject "Screencast" */ = {
			isa = XCConfigurationList;
			buildConfigurations = (
				FD92447E201F119200A5B093 /* Debug */,
				FD92447F201F119200A5B093 /* Release */,
			);
			defaultConfigurationIsVisible = 0;
			defaultConfigurationName = Release;
		};
		FD924483201F119200A5B093 /* Build configuration list for PBXNativeTarget "ScreencastTests" */ = {
			isa = XCConfigurationList;
			buildConfigurations = (
				FD924484201F119200A5B093 /* Debug */,
				FD924485201F119200A5B093 /* Release */,
			);
			defaultConfigurationIsVisible = 0;
			defaultConfigurationName = Release;
		};
		FD924486201F119200A5B093 /* Build configuration list for PBXNativeTarget "ScreencastUITests" */ = {
			isa = XCConfigurationList;
			buildConfigurations = (
				FD924487201F119200A5B093 /* Debug */,
				FD924488201F119200A5B093 /* Release */,
			);
			defaultConfigurationIsVisible = 0;
			defaultConfigurationName = Release;
		};
		FD93E55F20351BC400FD5EC5 /* Build configuration list for PBXNativeTarget "EWCServiceLocatorIOS" */ = {
			isa = XCConfigurationList;
			buildConfigurations = (
				FD93E56020351BC400FD5EC5 /* Debug */,
				FD93E56120351BC400FD5EC5 /* Release */,
			);
			defaultConfigurationIsVisible = 0;
			defaultConfigurationName = Release;
		};
		FD93E5B82035A55100FD5EC5 /* Build configuration list for PBXNativeTarget "EWCScreencast" */ = {
			isa = XCConfigurationList;
			buildConfigurations = (
				FD93E5B92035A55100FD5EC5 /* Debug */,
				FD93E5BA2035A55100FD5EC5 /* Release */,
			);
			defaultConfigurationIsVisible = 0;
			defaultConfigurationName = Release;
		};
		FDA5447C20341746001D0D0D /* Build configuration list for PBXNativeTarget "ServiceLocatorTest" */ = {
			isa = XCConfigurationList;
			buildConfigurations = (
				FDA5447D20341746001D0D0D /* Debug */,
				FDA5447E20341746001D0D0D /* Release */,
			);
			defaultConfigurationIsVisible = 0;
			defaultConfigurationName = Release;
		};
		FDBC29752035185D007B975D /* Build configuration list for PBXNativeTarget "EWCCore" */ = {
			isa = XCConfigurationList;
			buildConfigurations = (
				FDBC29762035185D007B975D /* Debug */,
				FDBC29772035185D007B975D /* Release */,
			);
			defaultConfigurationIsVisible = 0;
			defaultConfigurationName = Release;
		};
		FDBC298220351948007B975D /* Build configuration list for PBXNativeTarget "EWCCoreIOS" */ = {
			isa = XCConfigurationList;
			buildConfigurations = (
				FDBC298320351948007B975D /* Debug */,
				FDBC298420351948007B975D /* Release */,
			);
			defaultConfigurationIsVisible = 0;
			defaultConfigurationName = Release;
		};
		FDBC29A720351A3A007B975D /* Build configuration list for PBXNativeTarget "EWCServiceLocator" */ = {
			isa = XCConfigurationList;
			buildConfigurations = (
				FDBC29A820351A3A007B975D /* Debug */,
				FDBC29A920351A3A007B975D /* Release */,
			);
			defaultConfigurationIsVisible = 0;
			defaultConfigurationName = Release;
		};
/* End XCConfigurationList section */
	};
	rootObject = FD92444E201F119100A5B093 /* Project object */;
}
